// !$*UTF8*$!
{
	archiveVersion = 1;
	classes = {
	};
	objectVersion = 55;
	objects = {

/* Begin PBXBuildFile section */
		1B81F41527A33B4B00A91CEA /* AppDelegate.swift in Sources */ = {isa = PBXBuildFile; fileRef = 1B81F41427A33B4B00A91CEA /* AppDelegate.swift */; };
		1B81F41727A33B4B00A91CEA /* SceneDelegate.swift in Sources */ = {isa = PBXBuildFile; fileRef = 1B81F41627A33B4B00A91CEA /* SceneDelegate.swift */; };
		1B81F41927A33B4B00A91CEA /* ViewController.swift in Sources */ = {isa = PBXBuildFile; fileRef = 1B81F41827A33B4B00A91CEA /* ViewController.swift */; };
		1B81F41C27A33B4B00A91CEA /* Main.storyboard in Resources */ = {isa = PBXBuildFile; fileRef = 1B81F41A27A33B4B00A91CEA /* Main.storyboard */; };
		1B81F41E27A33B4E00A91CEA /* Assets.xcassets in Resources */ = {isa = PBXBuildFile; fileRef = 1B81F41D27A33B4E00A91CEA /* Assets.xcassets */; };
		1B81F42127A33B4E00A91CEA /* LaunchScreen.storyboard in Resources */ = {isa = PBXBuildFile; fileRef = 1B81F41F27A33B4E00A91CEA /* LaunchScreen.storyboard */; };
		1B81F42C27A33B4E00A91CEA /* SampleCalculatorTests.swift in Sources */ = {isa = PBXBuildFile; fileRef = 1B81F42B27A33B4E00A91CEA /* SampleCalculatorTests.swift */; };
		1B81F43627A33B4E00A91CEA /* SampleCalculatorUITests.swift in Sources */ = {isa = PBXBuildFile; fileRef = 1B81F43527A33B4E00A91CEA /* SampleCalculatorUITests.swift */; };
		1B81F43827A33B4E00A91CEA /* SampleCalculatorUITestsLaunchTests.swift in Sources */ = {isa = PBXBuildFile; fileRef = 1B81F43727A33B4E00A91CEA /* SampleCalculatorUITestsLaunchTests.swift */; };
/* End PBXBuildFile section */

/* Begin PBXContainerItemProxy section */
		1B81F42827A33B4E00A91CEA /* PBXContainerItemProxy */ = {
			isa = PBXContainerItemProxy;
			containerPortal = 1B81F40927A33B4B00A91CEA /* Project object */;
			proxyType = 1;
			remoteGlobalIDString = 1B81F41027A33B4B00A91CEA;
			remoteInfo = SampleCalculator;
		};
		1B81F43227A33B4E00A91CEA /* PBXContainerItemProxy */ = {
			isa = PBXContainerItemProxy;
			containerPortal = 1B81F40927A33B4B00A91CEA /* Project object */;
			proxyType = 1;
			remoteGlobalIDString = 1B81F41027A33B4B00A91CEA;
			remoteInfo = SampleCalculator;
		};
/* End PBXContainerItemProxy section */

/* Begin PBXFileReference section */
		1B81F41127A33B4B00A91CEA /* SampleCalculator.app */ = {isa = PBXFileReference; explicitFileType = wrapper.application; includeInIndex = 0; path = SampleCalculator.app; sourceTree = BUILT_PRODUCTS_DIR; };
		1B81F41427A33B4B00A91CEA /* AppDelegate.swift */ = {isa = PBXFileReference; lastKnownFileType = sourcecode.swift; path = AppDelegate.swift; sourceTree = "<group>"; };
		1B81F41627A33B4B00A91CEA /* SceneDelegate.swift */ = {isa = PBXFileReference; lastKnownFileType = sourcecode.swift; path = SceneDelegate.swift; sourceTree = "<group>"; };
		1B81F41827A33B4B00A91CEA /* ViewController.swift */ = {isa = PBXFileReference; lastKnownFileType = sourcecode.swift; path = ViewController.swift; sourceTree = "<group>"; };
		1B81F41B27A33B4B00A91CEA /* Base */ = {isa = PBXFileReference; lastKnownFileType = file.storyboard; name = Base; path = Base.lproj/Main.storyboard; sourceTree = "<group>"; };
		1B81F41D27A33B4E00A91CEA /* Assets.xcassets */ = {isa = PBXFileReference; lastKnownFileType = folder.assetcatalog; path = Assets.xcassets; sourceTree = "<group>"; };
		1B81F42027A33B4E00A91CEA /* Base */ = {isa = PBXFileReference; lastKnownFileType = file.storyboard; name = Base; path = Base.lproj/LaunchScreen.storyboard; sourceTree = "<group>"; };
		1B81F42227A33B4E00A91CEA /* Info.plist */ = {isa = PBXFileReference; lastKnownFileType = text.plist.xml; path = Info.plist; sourceTree = "<group>"; };
		1B81F42727A33B4E00A91CEA /* SampleCalculatorTests.xctest */ = {isa = PBXFileReference; explicitFileType = wrapper.cfbundle; includeInIndex = 0; path = SampleCalculatorTests.xctest; sourceTree = BUILT_PRODUCTS_DIR; };
		1B81F42B27A33B4E00A91CEA /* SampleCalculatorTests.swift */ = {isa = PBXFileReference; lastKnownFileType = sourcecode.swift; path = SampleCalculatorTests.swift; sourceTree = "<group>"; };
		1B81F43127A33B4E00A91CEA /* SampleCalculatorUITests.xctest */ = {isa = PBXFileReference; explicitFileType = wrapper.cfbundle; includeInIndex = 0; path = SampleCalculatorUITests.xctest; sourceTree = BUILT_PRODUCTS_DIR; };
		1B81F43527A33B4E00A91CEA /* SampleCalculatorUITests.swift */ = {isa = PBXFileReference; lastKnownFileType = sourcecode.swift; path = SampleCalculatorUITests.swift; sourceTree = "<group>"; };
		1B81F43727A33B4E00A91CEA /* SampleCalculatorUITestsLaunchTests.swift */ = {isa = PBXFileReference; lastKnownFileType = sourcecode.swift; path = SampleCalculatorUITestsLaunchTests.swift; sourceTree = "<group>"; };
/* End PBXFileReference section */

/* Begin PBXFrameworksBuildPhase section */
		1B81F40E27A33B4B00A91CEA /* Frameworks */ = {
			isa = PBXFrameworksBuildPhase;
			buildActionMask = 2147483647;
			files = (
			);
			runOnlyForDeploymentPostprocessing = 0;
		};
		1B81F42427A33B4E00A91CEA /* Frameworks */ = {
			isa = PBXFrameworksBuildPhase;
			buildActionMask = 2147483647;
			files = (
			);
			runOnlyForDeploymentPostprocessing = 0;
		};
		1B81F42E27A33B4E00A91CEA /* Frameworks */ = {
			isa = PBXFrameworksBuildPhase;
			buildActionMask = 2147483647;
			files = (
			);
			runOnlyForDeploymentPostprocessing = 0;
		};
/* End PBXFrameworksBuildPhase section */

/* Begin PBXGroup section */
		1B81F40827A33B4B00A91CEA = {
			isa = PBXGroup;
			children = (
				1B81F41327A33B4B00A91CEA /* SampleCalculator */,
				1B81F42A27A33B4E00A91CEA /* SampleCalculatorTests */,
				1B81F43427A33B4E00A91CEA /* SampleCalculatorUITests */,
				1B81F41227A33B4B00A91CEA /* Products */,
			);
			sourceTree = "<group>";
		};
		1B81F41227A33B4B00A91CEA /* Products */ = {
			isa = PBXGroup;
			children = (
				1B81F41127A33B4B00A91CEA /* SampleCalculator.app */,
				1B81F42727A33B4E00A91CEA /* SampleCalculatorTests.xctest */,
				1B81F43127A33B4E00A91CEA /* SampleCalculatorUITests.xctest */,
			);
			name = Products;
			sourceTree = "<group>";
		};
		1B81F41327A33B4B00A91CEA /* SampleCalculator */ = {
			isa = PBXGroup;
			children = (
				1B81F41427A33B4B00A91CEA /* AppDelegate.swift */,
				1B81F41627A33B4B00A91CEA /* SceneDelegate.swift */,
				1B81F41827A33B4B00A91CEA /* ViewController.swift */,
				1B81F41A27A33B4B00A91CEA /* Main.storyboard */,
				1B81F41D27A33B4E00A91CEA /* Assets.xcassets */,
				1B81F41F27A33B4E00A91CEA /* LaunchScreen.storyboard */,
				1B81F42227A33B4E00A91CEA /* Info.plist */,
			);
			path = SampleCalculator;
			sourceTree = "<group>";
		};
		1B81F42A27A33B4E00A91CEA /* SampleCalculatorTests */ = {
			isa = PBXGroup;
			children = (
				1B81F42B27A33B4E00A91CEA /* SampleCalculatorTests.swift */,
			);
			path = SampleCalculatorTests;
			sourceTree = "<group>";
		};
		1B81F43427A33B4E00A91CEA /* SampleCalculatorUITests */ = {
			isa = PBXGroup;
			children = (
				1B81F43527A33B4E00A91CEA /* SampleCalculatorUITests.swift */,
				1B81F43727A33B4E00A91CEA /* SampleCalculatorUITestsLaunchTests.swift */,
			);
			path = SampleCalculatorUITests;
			sourceTree = "<group>";
		};
/* End PBXGroup section */

/* Begin PBXNativeTarget section */
		1B81F41027A33B4B00A91CEA /* SampleCalculator */ = {
			isa = PBXNativeTarget;
			buildConfigurationList = 1B81F43B27A33B4E00A91CEA /* Build configuration list for PBXNativeTarget "SampleCalculator" */;
			buildPhases = (
				1B81F40D27A33B4B00A91CEA /* Sources */,
				1B81F40E27A33B4B00A91CEA /* Frameworks */,
				1B81F40F27A33B4B00A91CEA /* Resources */,
			);
			buildRules = (
			);
			dependencies = (
			);
			name = SampleCalculator;
			productName = SampleCalculator;
			productReference = 1B81F41127A33B4B00A91CEA /* SampleCalculator.app */;
			productType = "com.apple.product-type.application";
		};
		1B81F42627A33B4E00A91CEA /* SampleCalculatorTests */ = {
			isa = PBXNativeTarget;
			buildConfigurationList = 1B81F43E27A33B4E00A91CEA /* Build configuration list for PBXNativeTarget "SampleCalculatorTests" */;
			buildPhases = (
				1B81F42327A33B4E00A91CEA /* Sources */,
				1B81F42427A33B4E00A91CEA /* Frameworks */,
				1B81F42527A33B4E00A91CEA /* Resources */,
			);
			buildRules = (
			);
			dependencies = (
				1B81F42927A33B4E00A91CEA /* PBXTargetDependency */,
			);
			name = SampleCalculatorTests;
			productName = SampleCalculatorTests;
			productReference = 1B81F42727A33B4E00A91CEA /* SampleCalculatorTests.xctest */;
			productType = "com.apple.product-type.bundle.unit-test";
		};
		1B81F43027A33B4E00A91CEA /* SampleCalculatorUITests */ = {
			isa = PBXNativeTarget;
			buildConfigurationList = 1B81F44127A33B4E00A91CEA /* Build configuration list for PBXNativeTarget "SampleCalculatorUITests" */;
			buildPhases = (
				1B81F42D27A33B4E00A91CEA /* Sources */,
				1B81F42E27A33B4E00A91CEA /* Frameworks */,
				1B81F42F27A33B4E00A91CEA /* Resources */,
			);
			buildRules = (
			);
			dependencies = (
				1B81F43327A33B4E00A91CEA /* PBXTargetDependency */,
			);
			name = SampleCalculatorUITests;
			productName = SampleCalculatorUITests;
			productReference = 1B81F43127A33B4E00A91CEA /* SampleCalculatorUITests.xctest */;
			productType = "com.apple.product-type.bundle.ui-testing";
		};
/* End PBXNativeTarget section */

/* Begin PBXProject section */
		1B81F40927A33B4B00A91CEA /* Project object */ = {
			isa = PBXProject;
			attributes = {
				BuildIndependentTargetsInParallel = 1;
				LastSwiftUpdateCheck = 1320;
				LastUpgradeCheck = 1320;
				TargetAttributes = {
					1B81F41027A33B4B00A91CEA = {
						CreatedOnToolsVersion = 13.2.1;
					};
					1B81F42627A33B4E00A91CEA = {
						CreatedOnToolsVersion = 13.2.1;
						TestTargetID = 1B81F41027A33B4B00A91CEA;
					};
					1B81F43027A33B4E00A91CEA = {
						CreatedOnToolsVersion = 13.2.1;
						TestTargetID = 1B81F41027A33B4B00A91CEA;
					};
				};
			};
			buildConfigurationList = 1B81F40C27A33B4B00A91CEA /* Build configuration list for PBXProject "SampleCalculator" */;
			compatibilityVersion = "Xcode 13.0";
			developmentRegion = en;
			hasScannedForEncodings = 0;
			knownRegions = (
				en,
				Base,
			);
			mainGroup = 1B81F40827A33B4B00A91CEA;
			productRefGroup = 1B81F41227A33B4B00A91CEA /* Products */;
			projectDirPath = "";
			projectRoot = "";
			targets = (
				1B81F41027A33B4B00A91CEA /* SampleCalculator */,
				1B81F42627A33B4E00A91CEA /* SampleCalculatorTests */,
				1B81F43027A33B4E00A91CEA /* SampleCalculatorUITests */,
			);
		};
/* End PBXProject section */

/* Begin PBXResourcesBuildPhase section */
		1B81F40F27A33B4B00A91CEA /* Resources */ = {
			isa = PBXResourcesBuildPhase;
			buildActionMask = 2147483647;
			files = (
				1B81F42127A33B4E00A91CEA /* LaunchScreen.storyboard in Resources */,
				1B81F41E27A33B4E00A91CEA /* Assets.xcassets in Resources */,
				1B81F41C27A33B4B00A91CEA /* Main.storyboard in Resources */,
			);
			runOnlyForDeploymentPostprocessing = 0;
		};
		1B81F42527A33B4E00A91CEA /* Resources */ = {
			isa = PBXResourcesBuildPhase;
			buildActionMask = 2147483647;
			files = (
			);
			runOnlyForDeploymentPostprocessing = 0;
		};
		1B81F42F27A33B4E00A91CEA /* Resources */ = {
			isa = PBXResourcesBuildPhase;
			buildActionMask = 2147483647;
			files = (
			);
			runOnlyForDeploymentPostprocessing = 0;
		};
/* End PBXResourcesBuildPhase section */

/* Begin PBXSourcesBuildPhase section */
		1B81F40D27A33B4B00A91CEA /* Sources */ = {
			isa = PBXSourcesBuildPhase;
			buildActionMask = 2147483647;
			files = (
				1B81F41927A33B4B00A91CEA /* ViewController.swift in Sources */,
				1B81F41527A33B4B00A91CEA /* AppDelegate.swift in Sources */,
				1B81F41727A33B4B00A91CEA /* SceneDelegate.swift in Sources */,
			);
			runOnlyForDeploymentPostprocessing = 0;
		};
		1B81F42327A33B4E00A91CEA /* Sources */ = {
			isa = PBXSourcesBuildPhase;
			buildActionMask = 2147483647;
			files = (
				1B81F42C27A33B4E00A91CEA /* SampleCalculatorTests.swift in Sources */,
			);
			runOnlyForDeploymentPostprocessing = 0;
		};
		1B81F42D27A33B4E00A91CEA /* Sources */ = {
			isa = PBXSourcesBuildPhase;
			buildActionMask = 2147483647;
			files = (
				1B81F43827A33B4E00A91CEA /* SampleCalculatorUITestsLaunchTests.swift in Sources */,
				1B81F43627A33B4E00A91CEA /* SampleCalculatorUITests.swift in Sources */,
			);
			runOnlyForDeploymentPostprocessing = 0;
		};
/* End PBXSourcesBuildPhase section */

/* Begin PBXTargetDependency section */
		1B81F42927A33B4E00A91CEA /* PBXTargetDependency */ = {
			isa = PBXTargetDependency;
			target = 1B81F41027A33B4B00A91CEA /* SampleCalculator */;
			targetProxy = 1B81F42827A33B4E00A91CEA /* PBXContainerItemProxy */;
		};
		1B81F43327A33B4E00A91CEA /* PBXTargetDependency */ = {
			isa = PBXTargetDependency;
			target = 1B81F41027A33B4B00A91CEA /* SampleCalculator */;
			targetProxy = 1B81F43227A33B4E00A91CEA /* PBXContainerItemProxy */;
		};
/* End PBXTargetDependency section */

/* Begin PBXVariantGroup section */
		1B81F41A27A33B4B00A91CEA /* Main.storyboard */ = {
			isa = PBXVariantGroup;
			children = (
				1B81F41B27A33B4B00A91CEA /* Base */,
			);
			name = Main.storyboard;
			sourceTree = "<group>";
		};
		1B81F41F27A33B4E00A91CEA /* LaunchScreen.storyboard */ = {
			isa = PBXVariantGroup;
			children = (
				1B81F42027A33B4E00A91CEA /* Base */,
			);
			name = LaunchScreen.storyboard;
			sourceTree = "<group>";
		};
/* End PBXVariantGroup section */

/* Begin XCBuildConfiguration section */
		1B81F43927A33B4E00A91CEA /* Debug */ = {
			isa = XCBuildConfiguration;
			buildSettings = {
				ALWAYS_SEARCH_USER_PATHS = NO;
				CLANG_ANALYZER_NONNULL = YES;
				CLANG_ANALYZER_NUMBER_OBJECT_CONVERSION = YES_AGGRESSIVE;
				CLANG_CXX_LANGUAGE_STANDARD = "gnu++17";
				CLANG_CXX_LIBRARY = "libc++";
				CLANG_ENABLE_MODULES = YES;
				CLANG_ENABLE_OBJC_ARC = YES;
				CLANG_ENABLE_OBJC_WEAK = YES;
				CLANG_WARN_BLOCK_CAPTURE_AUTORELEASING = YES;
				CLANG_WARN_BOOL_CONVERSION = YES;
				CLANG_WARN_COMMA = YES;
				CLANG_WARN_CONSTANT_CONVERSION = YES;
				CLANG_WARN_DEPRECATED_OBJC_IMPLEMENTATIONS = YES;
				CLANG_WARN_DIRECT_OBJC_ISA_USAGE = YES_ERROR;
				CLANG_WARN_DOCUMENTATION_COMMENTS = YES;
				CLANG_WARN_EMPTY_BODY = YES;
				CLANG_WARN_ENUM_CONVERSION = YES;
				CLANG_WARN_INFINITE_RECURSION = YES;
				CLANG_WARN_INT_CONVERSION = YES;
				CLANG_WARN_NON_LITERAL_NULL_CONVERSION = YES;
				CLANG_WARN_OBJC_IMPLICIT_RETAIN_SELF = YES;
				CLANG_WARN_OBJC_LITERAL_CONVERSION = YES;
				CLANG_WARN_OBJC_ROOT_CLASS = YES_ERROR;
				CLANG_WARN_QUOTED_INCLUDE_IN_FRAMEWORK_HEADER = YES;
				CLANG_WARN_RANGE_LOOP_ANALYSIS = YES;
				CLANG_WARN_STRICT_PROTOTYPES = YES;
				CLANG_WARN_SUSPICIOUS_MOVE = YES;
				CLANG_WARN_UNGUARDED_AVAILABILITY = YES_AGGRESSIVE;
				CLANG_WARN_UNREACHABLE_CODE = YES;
				CLANG_WARN__DUPLICATE_METHOD_MATCH = YES;
				COPY_PHASE_STRIP = NO;
				DEBUG_INFORMATION_FORMAT = dwarf;
				ENABLE_STRICT_OBJC_MSGSEND = YES;
				ENABLE_TESTABILITY = YES;
				GCC_C_LANGUAGE_STANDARD = gnu11;
				GCC_DYNAMIC_NO_PIC = NO;
				GCC_NO_COMMON_BLOCKS = YES;
				GCC_OPTIMIZATION_LEVEL = 0;
				GCC_PREPROCESSOR_DEFINITIONS = (
					"DEBUG=1",
					"$(inherited)",
				);
				GCC_WARN_64_TO_32_BIT_CONVERSION = YES;
				GCC_WARN_ABOUT_RETURN_TYPE = YES_ERROR;
				GCC_WARN_UNDECLARED_SELECTOR = YES;
				GCC_WARN_UNINITIALIZED_AUTOS = YES_AGGRESSIVE;
				GCC_WARN_UNUSED_FUNCTION = YES;
				GCC_WARN_UNUSED_VARIABLE = YES;
				IPHONEOS_DEPLOYMENT_TARGET = 15.2;
				MTL_ENABLE_DEBUG_INFO = INCLUDE_SOURCE;
				MTL_FAST_MATH = YES;
				ONLY_ACTIVE_ARCH = YES;
				SDKROOT = iphoneos;
				SWIFT_ACTIVE_COMPILATION_CONDITIONS = DEBUG;
				SWIFT_OPTIMIZATION_LEVEL = "-Onone";
			};
			name = Debug;
		};
		1B81F43A27A33B4E00A91CEA /* Release */ = {
			isa = XCBuildConfiguration;
			buildSettings = {
				ALWAYS_SEARCH_USER_PATHS = NO;
				CLANG_ANALYZER_NONNULL = YES;
				CLANG_ANALYZER_NUMBER_OBJECT_CONVERSION = YES_AGGRESSIVE;
				CLANG_CXX_LANGUAGE_STANDARD = "gnu++17";
				CLANG_CXX_LIBRARY = "libc++";
				CLANG_ENABLE_MODULES = YES;
				CLANG_ENABLE_OBJC_ARC = YES;
				CLANG_ENABLE_OBJC_WEAK = YES;
				CLANG_WARN_BLOCK_CAPTURE_AUTORELEASING = YES;
				CLANG_WARN_BOOL_CONVERSION = YES;
				CLANG_WARN_COMMA = YES;
				CLANG_WARN_CONSTANT_CONVERSION = YES;
				CLANG_WARN_DEPRECATED_OBJC_IMPLEMENTATIONS = YES;
				CLANG_WARN_DIRECT_OBJC_ISA_USAGE = YES_ERROR;
				CLANG_WARN_DOCUMENTATION_COMMENTS = YES;
				CLANG_WARN_EMPTY_BODY = YES;
				CLANG_WARN_ENUM_CONVERSION = YES;
				CLANG_WARN_INFINITE_RECURSION = YES;
				CLANG_WARN_INT_CONVERSION = YES;
				CLANG_WARN_NON_LITERAL_NULL_CONVERSION = YES;
				CLANG_WARN_OBJC_IMPLICIT_RETAIN_SELF = YES;
				CLANG_WARN_OBJC_LITERAL_CONVERSION = YES;
				CLANG_WARN_OBJC_ROOT_CLASS = YES_ERROR;
				CLANG_WARN_QUOTED_INCLUDE_IN_FRAMEWORK_HEADER = YES;
				CLANG_WARN_RANGE_LOOP_ANALYSIS = YES;
				CLANG_WARN_STRICT_PROTOTYPES = YES;
				CLANG_WARN_SUSPICIOUS_MOVE = YES;
				CLANG_WARN_UNGUARDED_AVAILABILITY = YES_AGGRESSIVE;
				CLANG_WARN_UNREACHABLE_CODE = YES;
				CLANG_WARN__DUPLICATE_METHOD_MATCH = YES;
				COPY_PHASE_STRIP = NO;
				DEBUG_INFORMATION_FORMAT = "dwarf-with-dsym";
				ENABLE_NS_ASSERTIONS = NO;
				ENABLE_STRICT_OBJC_MSGSEND = YES;
				GCC_C_LANGUAGE_STANDARD = gnu11;
				GCC_NO_COMMON_BLOCKS = YES;
				GCC_WARN_64_TO_32_BIT_CONVERSION = YES;
				GCC_WARN_ABOUT_RETURN_TYPE = YES_ERROR;
				GCC_WARN_UNDECLARED_SELECTOR = YES;
				GCC_WARN_UNINITIALIZED_AUTOS = YES_AGGRESSIVE;
				GCC_WARN_UNUSED_FUNCTION = YES;
				GCC_WARN_UNUSED_VARIABLE = YES;
				IPHONEOS_DEPLOYMENT_TARGET = 15.2;
				MTL_ENABLE_DEBUG_INFO = NO;
				MTL_FAST_MATH = YES;
				SDKROOT = iphoneos;
				SWIFT_COMPILATION_MODE = wholemodule;
				SWIFT_OPTIMIZATION_LEVEL = "-O";
				VALIDATE_PRODUCT = YES;
			};
			name = Release;
		};
		1B81F43C27A33B4E00A91CEA /* Debug */ = {
			isa = XCBuildConfiguration;
			buildSettings = {
				ASSETCATALOG_COMPILER_APPICON_NAME = AppIcon;
				ASSETCATALOG_COMPILER_GLOBAL_ACCENT_COLOR_NAME = AccentColor;
				CODE_SIGN_STYLE = Automatic;
				CURRENT_PROJECT_VERSION = 1;
				GENERATE_INFOPLIST_FILE = YES;
				INFOPLIST_FILE = SampleCalculator/Info.plist;
				INFOPLIST_KEY_CFBundleDisplayName = SampleCalculator;
				INFOPLIST_KEY_UIApplicationSupportsIndirectInputEvents = YES;
				INFOPLIST_KEY_UILaunchStoryboardName = LaunchScreen;
				INFOPLIST_KEY_UIMainStoryboardFile = Main;
				INFOPLIST_KEY_UISupportedInterfaceOrientations_iPad = "UIInterfaceOrientationPortrait UIInterfaceOrientationPortraitUpsideDown UIInterfaceOrientationLandscapeLeft UIInterfaceOrientationLandscapeRight";
				INFOPLIST_KEY_UISupportedInterfaceOrientations_iPhone = "UIInterfaceOrientationPortrait UIInterfaceOrientationLandscapeLeft UIInterfaceOrientationLandscapeRight";
				LD_RUNPATH_SEARCH_PATHS = (
					"$(inherited)",
					"@executable_path/Frameworks",
				);
				MARKETING_VERSION = 1.0;
				PRODUCT_BUNDLE_IDENTIFIER = NWMSU.SampleCalculator;
				PRODUCT_NAME = "$(TARGET_NAME)";
				SWIFT_EMIT_LOC_STRINGS = YES;
				SWIFT_VERSION = 5.0;
				TARGETED_DEVICE_FAMILY = "1,2";
			};
			name = Debug;
		};
		1B81F43D27A33B4E00A91CEA /* Release */ = {
			isa = XCBuildConfiguration;
			buildSettings = {
				ASSETCATALOG_COMPILER_APPICON_NAME = AppIcon;
				ASSETCATALOG_COMPILER_GLOBAL_ACCENT_COLOR_NAME = AccentColor;
				CODE_SIGN_STYLE = Automatic;
				CURRENT_PROJECT_VERSION = 1;
				GENERATE_INFOPLIST_FILE = YES;
				INFOPLIST_FILE = SampleCalculator/Info.plist;
				INFOPLIST_KEY_CFBundleDisplayName = SampleCalculator;
				INFOPLIST_KEY_UIApplicationSupportsIndirectInputEvents = YES;
				INFOPLIST_KEY_UILaunchStoryboardName = LaunchScreen;
				INFOPLIST_KEY_UIMainStoryboardFile = Main;
				INFOPLIST_KEY_UISupportedInterfaceOrientations_iPad = "UIInterfaceOrientationPortrait UIInterfaceOrientationPortraitUpsideDown UIInterfaceOrientationLandscapeLeft UIInterfaceOrientationLandscapeRight";
				INFOPLIST_KEY_UISupportedInterfaceOrientations_iPhone = "UIInterfaceOrientationPortrait UIInterfaceOrientationLandscapeLeft UIInterfaceOrientationLandscapeRight";
				LD_RUNPATH_SEARCH_PATHS = (
					"$(inherited)",
					"@executable_path/Frameworks",
				);
				MARKETING_VERSION = 1.0;
				PRODUCT_BUNDLE_IDENTIFIER = NWMSU.SampleCalculator;
				PRODUCT_NAME = "$(TARGET_NAME)";
				SWIFT_EMIT_LOC_STRINGS = YES;
				SWIFT_VERSION = 5.0;
				TARGETED_DEVICE_FAMILY = "1,2";
			};
			name = Release;
		};
		1B81F43F27A33B4E00A91CEA /* Debug */ = {
			isa = XCBuildConfiguration;
			buildSettings = {
				ALWAYS_EMBED_SWIFT_STANDARD_LIBRARIES = YES;
				BUNDLE_LOADER = "$(TEST_HOST)";
				CODE_SIGN_STYLE = Automatic;
				CURRENT_PROJECT_VERSION = 1;
				GENERATE_INFOPLIST_FILE = YES;
				IPHONEOS_DEPLOYMENT_TARGET = 15.2;
				MARKETING_VERSION = 1.0;
				PRODUCT_BUNDLE_IDENTIFIER = NWMSU.SampleCalculatorTests;
				PRODUCT_NAME = "$(TARGET_NAME)";
				SWIFT_EMIT_LOC_STRINGS = NO;
				SWIFT_VERSION = 5.0;
				TARGETED_DEVICE_FAMILY = "1,2";
				TEST_HOST = "$(BUILT_PRODUCTS_DIR)/SampleCalculator.app/SampleCalculator";
			};
			name = Debug;
		};
		1B81F44027A33B4E00A91CEA /* Release */ = {
			isa = XCBuildConfiguration;
			buildSettings = {
				ALWAYS_EMBED_SWIFT_STANDARD_LIBRARIES = YES;
				BUNDLE_LOADER = "$(TEST_HOST)";
				CODE_SIGN_STYLE = Automatic;
				CURRENT_PROJECT_VERSION = 1;
				GENERATE_INFOPLIST_FILE = YES;
				IPHONEOS_DEPLOYMENT_TARGET = 15.2;
				MARKETING_VERSION = 1.0;
				PRODUCT_BUNDLE_IDENTIFIER = NWMSU.SampleCalculatorTests;
				PRODUCT_NAME = "$(TARGET_NAME)";
				SWIFT_EMIT_LOC_STRINGS = NO;
				SWIFT_VERSION = 5.0;
				TARGETED_DEVICE_FAMILY = "1,2";
				TEST_HOST = "$(BUILT_PRODUCTS_DIR)/SampleCalculator.app/SampleCalculator";
			};
			name = Release;
		};
		1B81F44227A33B4E00A91CEA /* Debug */ = {
			isa = XCBuildConfiguration;
			buildSettings = {
				ALWAYS_EMBED_SWIFT_STANDARD_LIBRARIES = YES;
				CODE_SIGN_STYLE = Automatic;
				CURRENT_PROJECT_VERSION = 1;
				GENERATE_INFOPLIST_FILE = YES;
				MARKETING_VERSION = 1.0;
				PRODUCT_BUNDLE_IDENTIFIER = NWMSU.SampleCalculatorUITests;
				PRODUCT_NAME = "$(TARGET_NAME)";
				SWIFT_EMIT_LOC_STRINGS = NO;
				SWIFT_VERSION = 5.0;
				TARGETED_DEVICE_FAMILY = "1,2";
				TEST_TARGET_NAME = SampleCalculator;
			};
			name = Debug;
		};
		1B81F44327A33B4E00A91CEA /* Release */ = {
			isa = XCBuildConfiguration;
			buildSettings = {
				ALWAYS_EMBED_SWIFT_STANDARD_LIBRARIES = YES;
				CODE_SIGN_STYLE = Automatic;
				CURRENT_PROJECT_VERSION = 1;
				GENERATE_INFOPLIST_FILE = YES;
				MARKETING_VERSION = 1.0;
				PRODUCT_BUNDLE_IDENTIFIER = NWMSU.SampleCalculatorUITests;
				PRODUCT_NAME = "$(TARGET_NAME)";
				SWIFT_EMIT_LOC_STRINGS = NO;
				SWIFT_VERSION = 5.0;
				TARGETED_DEVICE_FAMILY = "1,2";
				TEST_TARGET_NAME = SampleCalculator;
			};
			name = Release;
		};
/* End XCBuildConfiguration section */

/* Begin XCConfigurationList section */
		1B81F40C27A33B4B00A91CEA /* Build configuration list for PBXProject "SampleCalculator" */ = {
			isa = XCConfigurationList;
			buildConfigurations = (
				1B81F43927A33B4E00A91CEA /* Debug */,
				1B81F43A27A33B4E00A91CEA /* Release */,
			);
			defaultConfigurationIsVisible = 0;
			defaultConfigurationName = Release;
		};
		1B81F43B27A33B4E00A91CEA /* Build configuration list for PBXNativeTarget "SampleCalculator" */ = {
			isa = XCConfigurationList;
			buildConfigurations = (
				1B81F43C27A33B4E00A91CEA /* Debug */,
				1B81F43D27A33B4E00A91CEA /* Release */,
			);
			defaultConfigurationIsVisible = 0;
			defaultConfigurationName = Release;
		};
		1B81F43E27A33B4E00A91CEA /* Build configuration list for PBXNativeTarget "SampleCalculatorTests" */ = {
			isa = XCConfigurationList;
			buildConfigurations = (
				1B81F43F27A33B4E00A91CEA /* Debug */,
				1B81F44027A33B4E00A91CEA /* Release */,
			);
			defaultConfigurationIsVisible = 0;
			defaultConfigurationName = Release;
		};
		1B81F44127A33B4E00A91CEA /* Build configuration list for PBXNativeTarget "SampleCalculatorUITests" */ = {
			isa = XCConfigurationList;
			buildConfigurations = (
				1B81F44227A33B4E00A91CEA /* Debug */,
				1B81F44327A33B4E00A91CEA /* Release */,
			);
			defaultConfigurationIsVisible = 0;
			defaultConfigurationName = Release;
		};
/* End XCConfigurationList section */
	};
	rootObject = 1B81F40927A33B4B00A91CEA /* Project object */;
}
