// !$*UTF8*$!
{
	archiveVersion = 1;
	classes = {
	};
	objectVersion = 55;
	objects = {

/* Begin PBXBuildFile section */
		3F3A4BBF27FF6CA1001EDF93 /* AppDelegate.swift in Sources */ = {isa = PBXBuildFile; fileRef = 3F3A4BBE27FF6CA1001EDF93 /* AppDelegate.swift */; };
		3F3A4BC127FF6CA1001EDF93 /* SceneDelegate.swift in Sources */ = {isa = PBXBuildFile; fileRef = 3F3A4BC027FF6CA1001EDF93 /* SceneDelegate.swift */; };
		3F3A4BC327FF6CA1001EDF93 /* ViewController.swift in Sources */ = {isa = PBXBuildFile; fileRef = 3F3A4BC227FF6CA1001EDF93 /* ViewController.swift */; };
		3F3A4BC627FF6CA1001EDF93 /* Main.storyboard in Resources */ = {isa = PBXBuildFile; fileRef = 3F3A4BC427FF6CA1001EDF93 /* Main.storyboard */; };
		3F3A4BC827FF6CA4001EDF93 /* Assets.xcassets in Resources */ = {isa = PBXBuildFile; fileRef = 3F3A4BC727FF6CA4001EDF93 /* Assets.xcassets */; };
		3F3A4BCB27FF6CA4001EDF93 /* LaunchScreen.storyboard in Resources */ = {isa = PBXBuildFile; fileRef = 3F3A4BC927FF6CA4001EDF93 /* LaunchScreen.storyboard */; };
		3F3A4BD627FF6CA4001EDF93 /* Chava_BookCheckoutAppTests.swift in Sources */ = {isa = PBXBuildFile; fileRef = 3F3A4BD527FF6CA4001EDF93 /* Chava_BookCheckoutAppTests.swift */; };
		3F3A4BE027FF6CA4001EDF93 /* Chava_BookCheckoutAppUITests.swift in Sources */ = {isa = PBXBuildFile; fileRef = 3F3A4BDF27FF6CA4001EDF93 /* Chava_BookCheckoutAppUITests.swift */; };
		3F3A4BE227FF6CA4001EDF93 /* Chava_BookCheckoutAppUITestsLaunchTests.swift in Sources */ = {isa = PBXBuildFile; fileRef = 3F3A4BE127FF6CA4001EDF93 /* Chava_BookCheckoutAppUITestsLaunchTests.swift */; };
		3F3A4BF127FF7114001EDF93 /* Book.swift in Sources */ = {isa = PBXBuildFile; fileRef = 3F3A4BF027FF7114001EDF93 /* Book.swift */; };
		3F3A4BF327FF7B61001EDF93 /* CheckoutConfirmationViewController.swift in Sources */ = {isa = PBXBuildFile; fileRef = 3F3A4BF227FF7B61001EDF93 /* CheckoutConfirmationViewController.swift */; };
/* End PBXBuildFile section */

/* Begin PBXContainerItemProxy section */
		3F3A4BD227FF6CA4001EDF93 /* PBXContainerItemProxy */ = {
			isa = PBXContainerItemProxy;
			containerPortal = 3F3A4BB327FF6CA1001EDF93 /* Project object */;
			proxyType = 1;
			remoteGlobalIDString = 3F3A4BBA27FF6CA1001EDF93;
			remoteInfo = Chava_BookCheckoutApp;
		};
		3F3A4BDC27FF6CA4001EDF93 /* PBXContainerItemProxy */ = {
			isa = PBXContainerItemProxy;
			containerPortal = 3F3A4BB327FF6CA1001EDF93 /* Project object */;
			proxyType = 1;
			remoteGlobalIDString = 3F3A4BBA27FF6CA1001EDF93;
			remoteInfo = Chava_BookCheckoutApp;
		};
/* End PBXContainerItemProxy section */

/* Begin PBXFileReference section */
		3F3A4BBB27FF6CA1001EDF93 /* Chava_BookCheckoutApp.app */ = {isa = PBXFileReference; explicitFileType = wrapper.application; includeInIndex = 0; path = Chava_BookCheckoutApp.app; sourceTree = BUILT_PRODUCTS_DIR; };
		3F3A4BBE27FF6CA1001EDF93 /* AppDelegate.swift */ = {isa = PBXFileReference; lastKnownFileType = sourcecode.swift; path = AppDelegate.swift; sourceTree = "<group>"; };
		3F3A4BC027FF6CA1001EDF93 /* SceneDelegate.swift */ = {isa = PBXFileReference; lastKnownFileType = sourcecode.swift; path = SceneDelegate.swift; sourceTree = "<group>"; };
		3F3A4BC227FF6CA1001EDF93 /* ViewController.swift */ = {isa = PBXFileReference; lastKnownFileType = sourcecode.swift; path = ViewController.swift; sourceTree = "<group>"; };
		3F3A4BC527FF6CA1001EDF93 /* Base */ = {isa = PBXFileReference; lastKnownFileType = file.storyboard; name = Base; path = Base.lproj/Main.storyboard; sourceTree = "<group>"; };
		3F3A4BC727FF6CA4001EDF93 /* Assets.xcassets */ = {isa = PBXFileReference; lastKnownFileType = folder.assetcatalog; path = Assets.xcassets; sourceTree = "<group>"; };
		3F3A4BCA27FF6CA4001EDF93 /* Base */ = {isa = PBXFileReference; lastKnownFileType = file.storyboard; name = Base; path = Base.lproj/LaunchScreen.storyboard; sourceTree = "<group>"; };
		3F3A4BCC27FF6CA4001EDF93 /* Info.plist */ = {isa = PBXFileReference; lastKnownFileType = text.plist.xml; path = Info.plist; sourceTree = "<group>"; };
		3F3A4BD127FF6CA4001EDF93 /* Chava_BookCheckoutAppTests.xctest */ = {isa = PBXFileReference; explicitFileType = wrapper.cfbundle; includeInIndex = 0; path = Chava_BookCheckoutAppTests.xctest; sourceTree = BUILT_PRODUCTS_DIR; };
		3F3A4BD527FF6CA4001EDF93 /* Chava_BookCheckoutAppTests.swift */ = {isa = PBXFileReference; lastKnownFileType = sourcecode.swift; path = Chava_BookCheckoutAppTests.swift; sourceTree = "<group>"; };
		3F3A4BDB27FF6CA4001EDF93 /* Chava_BookCheckoutAppUITests.xctest */ = {isa = PBXFileReference; explicitFileType = wrapper.cfbundle; includeInIndex = 0; path = Chava_BookCheckoutAppUITests.xctest; sourceTree = BUILT_PRODUCTS_DIR; };
		3F3A4BDF27FF6CA4001EDF93 /* Chava_BookCheckoutAppUITests.swift */ = {isa = PBXFileReference; lastKnownFileType = sourcecode.swift; path = Chava_BookCheckoutAppUITests.swift; sourceTree = "<group>"; };
		3F3A4BE127FF6CA4001EDF93 /* Chava_BookCheckoutAppUITestsLaunchTests.swift */ = {isa = PBXFileReference; lastKnownFileType = sourcecode.swift; path = Chava_BookCheckoutAppUITestsLaunchTests.swift; sourceTree = "<group>"; };
		3F3A4BF027FF7114001EDF93 /* Book.swift */ = {isa = PBXFileReference; lastKnownFileType = sourcecode.swift; path = Book.swift; sourceTree = "<group>"; };
		3F3A4BF227FF7B61001EDF93 /* CheckoutConfirmationViewController.swift */ = {isa = PBXFileReference; lastKnownFileType = sourcecode.swift; path = CheckoutConfirmationViewController.swift; sourceTree = "<group>"; };
/* End PBXFileReference section */

/* Begin PBXFrameworksBuildPhase section */
		3F3A4BB827FF6CA1001EDF93 /* Frameworks */ = {
			isa = PBXFrameworksBuildPhase;
			buildActionMask = 2147483647;
			files = (
			);
			runOnlyForDeploymentPostprocessing = 0;
		};
		3F3A4BCE27FF6CA4001EDF93 /* Frameworks */ = {
			isa = PBXFrameworksBuildPhase;
			buildActionMask = 2147483647;
			files = (
			);
			runOnlyForDeploymentPostprocessing = 0;
		};
		3F3A4BD827FF6CA4001EDF93 /* Frameworks */ = {
			isa = PBXFrameworksBuildPhase;
			buildActionMask = 2147483647;
			files = (
			);
			runOnlyForDeploymentPostprocessing = 0;
		};
/* End PBXFrameworksBuildPhase section */

/* Begin PBXGroup section */
		3F3A4BB227FF6CA1001EDF93 = {
			isa = PBXGroup;
			children = (
				3F3A4BBD27FF6CA1001EDF93 /* Chava_BookCheckoutApp */,
				3F3A4BD427FF6CA4001EDF93 /* Chava_BookCheckoutAppTests */,
				3F3A4BDE27FF6CA4001EDF93 /* Chava_BookCheckoutAppUITests */,
				3F3A4BBC27FF6CA1001EDF93 /* Products */,
			);
			sourceTree = "<group>";
		};
		3F3A4BBC27FF6CA1001EDF93 /* Products */ = {
			isa = PBXGroup;
			children = (
				3F3A4BBB27FF6CA1001EDF93 /* Chava_BookCheckoutApp.app */,
				3F3A4BD127FF6CA4001EDF93 /* Chava_BookCheckoutAppTests.xctest */,
				3F3A4BDB27FF6CA4001EDF93 /* Chava_BookCheckoutAppUITests.xctest */,
			);
			name = Products;
			sourceTree = "<group>";
		};
		3F3A4BBD27FF6CA1001EDF93 /* Chava_BookCheckoutApp */ = {
			isa = PBXGroup;
			children = (
				3F3A4BBE27FF6CA1001EDF93 /* AppDelegate.swift */,
				3F3A4BC027FF6CA1001EDF93 /* SceneDelegate.swift */,
				3F3A4BC227FF6CA1001EDF93 /* ViewController.swift */,
				3F3A4BC427FF6CA1001EDF93 /* Main.storyboard */,
				3F3A4BC727FF6CA4001EDF93 /* Assets.xcassets */,
				3F3A4BC927FF6CA4001EDF93 /* LaunchScreen.storyboard */,
				3F3A4BCC27FF6CA4001EDF93 /* Info.plist */,
				3F3A4BF027FF7114001EDF93 /* Book.swift */,
				3F3A4BF227FF7B61001EDF93 /* CheckoutConfirmationViewController.swift */,
			);
			path = Chava_BookCheckoutApp;
			sourceTree = "<group>";
		};
		3F3A4BD427FF6CA4001EDF93 /* Chava_BookCheckoutAppTests */ = {
			isa = PBXGroup;
			children = (
				3F3A4BD527FF6CA4001EDF93 /* Chava_BookCheckoutAppTests.swift */,
			);
			path = Chava_BookCheckoutAppTests;
			sourceTree = "<group>";
		};
		3F3A4BDE27FF6CA4001EDF93 /* Chava_BookCheckoutAppUITests */ = {
			isa = PBXGroup;
			children = (
				3F3A4BDF27FF6CA4001EDF93 /* Chava_BookCheckoutAppUITests.swift */,
				3F3A4BE127FF6CA4001EDF93 /* Chava_BookCheckoutAppUITestsLaunchTests.swift */,
			);
			path = Chava_BookCheckoutAppUITests;
			sourceTree = "<group>";
		};
/* End PBXGroup section */

/* Begin PBXNativeTarget section */
		3F3A4BBA27FF6CA1001EDF93 /* Chava_BookCheckoutApp */ = {
			isa = PBXNativeTarget;
			buildConfigurationList = 3F3A4BE527FF6CA4001EDF93 /* Build configuration list for PBXNativeTarget "Chava_BookCheckoutApp" */;
			buildPhases = (
				3F3A4BB727FF6CA1001EDF93 /* Sources */,
				3F3A4BB827FF6CA1001EDF93 /* Frameworks */,
				3F3A4BB927FF6CA1001EDF93 /* Resources */,
			);
			buildRules = (
			);
			dependencies = (
			);
			name = Chava_BookCheckoutApp;
			productName = Chava_BookCheckoutApp;
			productReference = 3F3A4BBB27FF6CA1001EDF93 /* Chava_BookCheckoutApp.app */;
			productType = "com.apple.product-type.application";
		};
		3F3A4BD027FF6CA4001EDF93 /* Chava_BookCheckoutAppTests */ = {
			isa = PBXNativeTarget;
			buildConfigurationList = 3F3A4BE827FF6CA4001EDF93 /* Build configuration list for PBXNativeTarget "Chava_BookCheckoutAppTests" */;
			buildPhases = (
				3F3A4BCD27FF6CA4001EDF93 /* Sources */,
				3F3A4BCE27FF6CA4001EDF93 /* Frameworks */,
				3F3A4BCF27FF6CA4001EDF93 /* Resources */,
			);
			buildRules = (
			);
			dependencies = (
				3F3A4BD327FF6CA4001EDF93 /* PBXTargetDependency */,
			);
			name = Chava_BookCheckoutAppTests;
			productName = Chava_BookCheckoutAppTests;
			productReference = 3F3A4BD127FF6CA4001EDF93 /* Chava_BookCheckoutAppTests.xctest */;
			productType = "com.apple.product-type.bundle.unit-test";
		};
		3F3A4BDA27FF6CA4001EDF93 /* Chava_BookCheckoutAppUITests */ = {
			isa = PBXNativeTarget;
			buildConfigurationList = 3F3A4BEB27FF6CA4001EDF93 /* Build configuration list for PBXNativeTarget "Chava_BookCheckoutAppUITests" */;
			buildPhases = (
				3F3A4BD727FF6CA4001EDF93 /* Sources */,
				3F3A4BD827FF6CA4001EDF93 /* Frameworks */,
				3F3A4BD927FF6CA4001EDF93 /* Resources */,
			);
			buildRules = (
			);
			dependencies = (
				3F3A4BDD27FF6CA4001EDF93 /* PBXTargetDependency */,
			);
			name = Chava_BookCheckoutAppUITests;
			productName = Chava_BookCheckoutAppUITests;
			productReference = 3F3A4BDB27FF6CA4001EDF93 /* Chava_BookCheckoutAppUITests.xctest */;
			productType = "com.apple.product-type.bundle.ui-testing";
		};
/* End PBXNativeTarget section */

/* Begin PBXProject section */
		3F3A4BB327FF6CA1001EDF93 /* Project object */ = {
			isa = PBXProject;
			attributes = {
				BuildIndependentTargetsInParallel = 1;
				LastSwiftUpdateCheck = 1320;
				LastUpgradeCheck = 1320;
				TargetAttributes = {
					3F3A4BBA27FF6CA1001EDF93 = {
						CreatedOnToolsVersion = 13.2.1;
					};
					3F3A4BD027FF6CA4001EDF93 = {
						CreatedOnToolsVersion = 13.2.1;
						TestTargetID = 3F3A4BBA27FF6CA1001EDF93;
					};
					3F3A4BDA27FF6CA4001EDF93 = {
						CreatedOnToolsVersion = 13.2.1;
						TestTargetID = 3F3A4BBA27FF6CA1001EDF93;
					};
				};
			};
			buildConfigurationList = 3F3A4BB627FF6CA1001EDF93 /* Build configuration list for PBXProject "Chava_BookCheckoutApp" */;
			compatibilityVersion = "Xcode 13.0";
			developmentRegion = en;
			hasScannedForEncodings = 0;
			knownRegions = (
				en,
				Base,
			);
			mainGroup = 3F3A4BB227FF6CA1001EDF93;
			productRefGroup = 3F3A4BBC27FF6CA1001EDF93 /* Products */;
			projectDirPath = "";
			projectRoot = "";
			targets = (
				3F3A4BBA27FF6CA1001EDF93 /* Chava_BookCheckoutApp */,
				3F3A4BD027FF6CA4001EDF93 /* Chava_BookCheckoutAppTests */,
				3F3A4BDA27FF6CA4001EDF93 /* Chava_BookCheckoutAppUITests */,
			);
		};
/* End PBXProject section */

/* Begin PBXResourcesBuildPhase section */
		3F3A4BB927FF6CA1001EDF93 /* Resources */ = {
			isa = PBXResourcesBuildPhase;
			buildActionMask = 2147483647;
			files = (
				3F3A4BCB27FF6CA4001EDF93 /* LaunchScreen.storyboard in Resources */,
				3F3A4BC827FF6CA4001EDF93 /* Assets.xcassets in Resources */,
				3F3A4BC627FF6CA1001EDF93 /* Main.storyboard in Resources */,
			);
			runOnlyForDeploymentPostprocessing = 0;
		};
		3F3A4BCF27FF6CA4001EDF93 /* Resources */ = {
			isa = PBXResourcesBuildPhase;
			buildActionMask = 2147483647;
			files = (
			);
			runOnlyForDeploymentPostprocessing = 0;
		};
		3F3A4BD927FF6CA4001EDF93 /* Resources */ = {
			isa = PBXResourcesBuildPhase;
			buildActionMask = 2147483647;
			files = (
			);
			runOnlyForDeploymentPostprocessing = 0;
		};
/* End PBXResourcesBuildPhase section */

/* Begin PBXSourcesBuildPhase section */
		3F3A4BB727FF6CA1001EDF93 /* Sources */ = {
			isa = PBXSourcesBuildPhase;
			buildActionMask = 2147483647;
			files = (
				3F3A4BF127FF7114001EDF93 /* Book.swift in Sources */,
				3F3A4BF327FF7B61001EDF93 /* CheckoutConfirmationViewController.swift in Sources */,
				3F3A4BC327FF6CA1001EDF93 /* ViewController.swift in Sources */,
				3F3A4BBF27FF6CA1001EDF93 /* AppDelegate.swift in Sources */,
				3F3A4BC127FF6CA1001EDF93 /* SceneDelegate.swift in Sources */,
			);
			runOnlyForDeploymentPostprocessing = 0;
		};
		3F3A4BCD27FF6CA4001EDF93 /* Sources */ = {
			isa = PBXSourcesBuildPhase;
			buildActionMask = 2147483647;
			files = (
				3F3A4BD627FF6CA4001EDF93 /* Chava_BookCheckoutAppTests.swift in Sources */,
			);
			runOnlyForDeploymentPostprocessing = 0;
		};
		3F3A4BD727FF6CA4001EDF93 /* Sources */ = {
			isa = PBXSourcesBuildPhase;
			buildActionMask = 2147483647;
			files = (
				3F3A4BE027FF6CA4001EDF93 /* Chava_BookCheckoutAppUITests.swift in Sources */,
				3F3A4BE227FF6CA4001EDF93 /* Chava_BookCheckoutAppUITestsLaunchTests.swift in Sources */,
			);
			runOnlyForDeploymentPostprocessing = 0;
		};
/* End PBXSourcesBuildPhase section */

/* Begin PBXTargetDependency section */
		3F3A4BD327FF6CA4001EDF93 /* PBXTargetDependency */ = {
			isa = PBXTargetDependency;
			target = 3F3A4BBA27FF6CA1001EDF93 /* Chava_BookCheckoutApp */;
			targetProxy = 3F3A4BD227FF6CA4001EDF93 /* PBXContainerItemProxy */;
		};
		3F3A4BDD27FF6CA4001EDF93 /* PBXTargetDependency */ = {
			isa = PBXTargetDependency;
			target = 3F3A4BBA27FF6CA1001EDF93 /* Chava_BookCheckoutApp */;
			targetProxy = 3F3A4BDC27FF6CA4001EDF93 /* PBXContainerItemProxy */;
		};
/* End PBXTargetDependency section */

/* Begin PBXVariantGroup section */
		3F3A4BC427FF6CA1001EDF93 /* Main.storyboard */ = {
			isa = PBXVariantGroup;
			children = (
				3F3A4BC527FF6CA1001EDF93 /* Base */,
			);
			name = Main.storyboard;
			sourceTree = "<group>";
		};
		3F3A4BC927FF6CA4001EDF93 /* LaunchScreen.storyboard */ = {
			isa = PBXVariantGroup;
			children = (
				3F3A4BCA27FF6CA4001EDF93 /* Base */,
			);
			name = LaunchScreen.storyboard;
			sourceTree = "<group>";
		};
/* End PBXVariantGroup section */

/* Begin XCBuildConfiguration section */
		3F3A4BE327FF6CA4001EDF93 /* Debug */ = {
			isa = XCBuildConfiguration;
			buildSettings = {
				ALWAYS_SEARCH_USER_PATHS = NO;
				CLANG_ANALYZER_NONNULL = YES;
				CLANG_ANALYZER_NUMBER_OBJECT_CONVERSION = YES_AGGRESSIVE;
				CLANG_CXX_LANGUAGE_STANDARD = "gnu++17";
				CLANG_CXX_LIBRARY = "libc++";
				CLANG_ENABLE_MODULES = YES;
				CLANG_ENABLE_OBJC_ARC = YES;
				CLANG_ENABLE_OBJC_WEAK = YES;
				CLANG_WARN_BLOCK_CAPTURE_AUTORELEASING = YES;
				CLANG_WARN_BOOL_CONVERSION = YES;
				CLANG_WARN_COMMA = YES;
				CLANG_WARN_CONSTANT_CONVERSION = YES;
				CLANG_WARN_DEPRECATED_OBJC_IMPLEMENTATIONS = YES;
				CLANG_WARN_DIRECT_OBJC_ISA_USAGE = YES_ERROR;
				CLANG_WARN_DOCUMENTATION_COMMENTS = YES;
				CLANG_WARN_EMPTY_BODY = YES;
				CLANG_WARN_ENUM_CONVERSION = YES;
				CLANG_WARN_INFINITE_RECURSION = YES;
				CLANG_WARN_INT_CONVERSION = YES;
				CLANG_WARN_NON_LITERAL_NULL_CONVERSION = YES;
				CLANG_WARN_OBJC_IMPLICIT_RETAIN_SELF = YES;
				CLANG_WARN_OBJC_LITERAL_CONVERSION = YES;
				CLANG_WARN_OBJC_ROOT_CLASS = YES_ERROR;
				CLANG_WARN_QUOTED_INCLUDE_IN_FRAMEWORK_HEADER = YES;
				CLANG_WARN_RANGE_LOOP_ANALYSIS = YES;
				CLANG_WARN_STRICT_PROTOTYPES = YES;
				CLANG_WARN_SUSPICIOUS_MOVE = YES;
				CLANG_WARN_UNGUARDED_AVAILABILITY = YES_AGGRESSIVE;
				CLANG_WARN_UNREACHABLE_CODE = YES;
				CLANG_WARN__DUPLICATE_METHOD_MATCH = YES;
				COPY_PHASE_STRIP = NO;
				DEBUG_INFORMATION_FORMAT = dwarf;
				ENABLE_STRICT_OBJC_MSGSEND = YES;
				ENABLE_TESTABILITY = YES;
				GCC_C_LANGUAGE_STANDARD = gnu11;
				GCC_DYNAMIC_NO_PIC = NO;
				GCC_NO_COMMON_BLOCKS = YES;
				GCC_OPTIMIZATION_LEVEL = 0;
				GCC_PREPROCESSOR_DEFINITIONS = (
					"DEBUG=1",
					"$(inherited)",
				);
				GCC_WARN_64_TO_32_BIT_CONVERSION = YES;
				GCC_WARN_ABOUT_RETURN_TYPE = YES_ERROR;
				GCC_WARN_UNDECLARED_SELECTOR = YES;
				GCC_WARN_UNINITIALIZED_AUTOS = YES_AGGRESSIVE;
				GCC_WARN_UNUSED_FUNCTION = YES;
				GCC_WARN_UNUSED_VARIABLE = YES;
				IPHONEOS_DEPLOYMENT_TARGET = 15.2;
				MTL_ENABLE_DEBUG_INFO = INCLUDE_SOURCE;
				MTL_FAST_MATH = YES;
				ONLY_ACTIVE_ARCH = YES;
				SDKROOT = iphoneos;
				SWIFT_ACTIVE_COMPILATION_CONDITIONS = DEBUG;
				SWIFT_OPTIMIZATION_LEVEL = "-Onone";
			};
			name = Debug;
		};
		3F3A4BE427FF6CA4001EDF93 /* Release */ = {
			isa = XCBuildConfiguration;
			buildSettings = {
				ALWAYS_SEARCH_USER_PATHS = NO;
				CLANG_ANALYZER_NONNULL = YES;
				CLANG_ANALYZER_NUMBER_OBJECT_CONVERSION = YES_AGGRESSIVE;
				CLANG_CXX_LANGUAGE_STANDARD = "gnu++17";
				CLANG_CXX_LIBRARY = "libc++";
				CLANG_ENABLE_MODULES = YES;
				CLANG_ENABLE_OBJC_ARC = YES;
				CLANG_ENABLE_OBJC_WEAK = YES;
				CLANG_WARN_BLOCK_CAPTURE_AUTORELEASING = YES;
				CLANG_WARN_BOOL_CONVERSION = YES;
				CLANG_WARN_COMMA = YES;
				CLANG_WARN_CONSTANT_CONVERSION = YES;
				CLANG_WARN_DEPRECATED_OBJC_IMPLEMENTATIONS = YES;
				CLANG_WARN_DIRECT_OBJC_ISA_USAGE = YES_ERROR;
				CLANG_WARN_DOCUMENTATION_COMMENTS = YES;
				CLANG_WARN_EMPTY_BODY = YES;
				CLANG_WARN_ENUM_CONVERSION = YES;
				CLANG_WARN_INFINITE_RECURSION = YES;
				CLANG_WARN_INT_CONVERSION = YES;
				CLANG_WARN_NON_LITERAL_NULL_CONVERSION = YES;
				CLANG_WARN_OBJC_IMPLICIT_RETAIN_SELF = YES;
				CLANG_WARN_OBJC_LITERAL_CONVERSION = YES;
				CLANG_WARN_OBJC_ROOT_CLASS = YES_ERROR;
				CLANG_WARN_QUOTED_INCLUDE_IN_FRAMEWORK_HEADER = YES;
				CLANG_WARN_RANGE_LOOP_ANALYSIS = YES;
				CLANG_WARN_STRICT_PROTOTYPES = YES;
				CLANG_WARN_SUSPICIOUS_MOVE = YES;
				CLANG_WARN_UNGUARDED_AVAILABILITY = YES_AGGRESSIVE;
				CLANG_WARN_UNREACHABLE_CODE = YES;
				CLANG_WARN__DUPLICATE_METHOD_MATCH = YES;
				COPY_PHASE_STRIP = NO;
				DEBUG_INFORMATION_FORMAT = "dwarf-with-dsym";
				ENABLE_NS_ASSERTIONS = NO;
				ENABLE_STRICT_OBJC_MSGSEND = YES;
				GCC_C_LANGUAGE_STANDARD = gnu11;
				GCC_NO_COMMON_BLOCKS = YES;
				GCC_WARN_64_TO_32_BIT_CONVERSION = YES;
				GCC_WARN_ABOUT_RETURN_TYPE = YES_ERROR;
				GCC_WARN_UNDECLARED_SELECTOR = YES;
				GCC_WARN_UNINITIALIZED_AUTOS = YES_AGGRESSIVE;
				GCC_WARN_UNUSED_FUNCTION = YES;
				GCC_WARN_UNUSED_VARIABLE = YES;
				IPHONEOS_DEPLOYMENT_TARGET = 15.2;
				MTL_ENABLE_DEBUG_INFO = NO;
				MTL_FAST_MATH = YES;
				SDKROOT = iphoneos;
				SWIFT_COMPILATION_MODE = wholemodule;
				SWIFT_OPTIMIZATION_LEVEL = "-O";
				VALIDATE_PRODUCT = YES;
			};
			name = Release;
		};
		3F3A4BE627FF6CA4001EDF93 /* Debug */ = {
			isa = XCBuildConfiguration;
			buildSettings = {
				ASSETCATALOG_COMPILER_APPICON_NAME = AppIcon;
				ASSETCATALOG_COMPILER_GLOBAL_ACCENT_COLOR_NAME = AccentColor;
				CODE_SIGN_STYLE = Automatic;
				CURRENT_PROJECT_VERSION = 1;
				GENERATE_INFOPLIST_FILE = YES;
				INFOPLIST_FILE = Chava_BookCheckoutApp/Info.plist;
				INFOPLIST_KEY_CFBundleDisplayName = Chava_BookCheckoutApp;
				INFOPLIST_KEY_UIApplicationSupportsIndirectInputEvents = YES;
				INFOPLIST_KEY_UILaunchStoryboardName = LaunchScreen;
				INFOPLIST_KEY_UIMainStoryboardFile = Main;
				INFOPLIST_KEY_UISupportedInterfaceOrientations_iPad = "UIInterfaceOrientationPortrait UIInterfaceOrientationPortraitUpsideDown UIInterfaceOrientationLandscapeLeft UIInterfaceOrientationLandscapeRight";
				INFOPLIST_KEY_UISupportedInterfaceOrientations_iPhone = "UIInterfaceOrientationPortrait UIInterfaceOrientationLandscapeLeft UIInterfaceOrientationLandscapeRight";
				LD_RUNPATH_SEARCH_PATHS = (
					"$(inherited)",
					"@executable_path/Frameworks",
				);
				MARKETING_VERSION = 1.0;
				PRODUCT_BUNDLE_IDENTIFIER = "nwmsu.Chava-BookCheckoutApp";
				PRODUCT_NAME = "$(TARGET_NAME)";
				SWIFT_EMIT_LOC_STRINGS = YES;
				SWIFT_VERSION = 5.0;
				TARGETED_DEVICE_FAMILY = "1,2";
			};
			name = Debug;
		};
		3F3A4BE727FF6CA4001EDF93 /* Release */ = {
			isa = XCBuildConfiguration;
			buildSettings = {
				ASSETCATALOG_COMPILER_APPICON_NAME = AppIcon;
				ASSETCATALOG_COMPILER_GLOBAL_ACCENT_COLOR_NAME = AccentColor;
				CODE_SIGN_STYLE = Automatic;
				CURRENT_PROJECT_VERSION = 1;
				GENERATE_INFOPLIST_FILE = YES;
				INFOPLIST_FILE = Chava_BookCheckoutApp/Info.plist;
				INFOPLIST_KEY_CFBundleDisplayName = Chava_BookCheckoutApp;
				INFOPLIST_KEY_UIApplicationSupportsIndirectInputEvents = YES;
				INFOPLIST_KEY_UILaunchStoryboardName = LaunchScreen;
				INFOPLIST_KEY_UIMainStoryboardFile = Main;
				INFOPLIST_KEY_UISupportedInterfaceOrientations_iPad = "UIInterfaceOrientationPortrait UIInterfaceOrientationPortraitUpsideDown UIInterfaceOrientationLandscapeLeft UIInterfaceOrientationLandscapeRight";
				INFOPLIST_KEY_UISupportedInterfaceOrientations_iPhone = "UIInterfaceOrientationPortrait UIInterfaceOrientationLandscapeLeft UIInterfaceOrientationLandscapeRight";
				LD_RUNPATH_SEARCH_PATHS = (
					"$(inherited)",
					"@executable_path/Frameworks",
				);
				MARKETING_VERSION = 1.0;
				PRODUCT_BUNDLE_IDENTIFIER = "nwmsu.Chava-BookCheckoutApp";
				PRODUCT_NAME = "$(TARGET_NAME)";
				SWIFT_EMIT_LOC_STRINGS = YES;
				SWIFT_VERSION = 5.0;
				TARGETED_DEVICE_FAMILY = "1,2";
			};
			name = Release;
		};
		3F3A4BE927FF6CA4001EDF93 /* Debug */ = {
			isa = XCBuildConfiguration;
			buildSettings = {
				ALWAYS_EMBED_SWIFT_STANDARD_LIBRARIES = YES;
				BUNDLE_LOADER = "$(TEST_HOST)";
				CODE_SIGN_STYLE = Automatic;
				CURRENT_PROJECT_VERSION = 1;
				GENERATE_INFOPLIST_FILE = YES;
				IPHONEOS_DEPLOYMENT_TARGET = 15.2;
				MARKETING_VERSION = 1.0;
				PRODUCT_BUNDLE_IDENTIFIER = "nwmsu.Chava-BookCheckoutAppTests";
				PRODUCT_NAME = "$(TARGET_NAME)";
				SWIFT_EMIT_LOC_STRINGS = NO;
				SWIFT_VERSION = 5.0;
				TARGETED_DEVICE_FAMILY = "1,2";
				TEST_HOST = "$(BUILT_PRODUCTS_DIR)/Chava_BookCheckoutApp.app/Chava_BookCheckoutApp";
			};
			name = Debug;
		};
		3F3A4BEA27FF6CA4001EDF93 /* Release */ = {
			isa = XCBuildConfiguration;
			buildSettings = {
				ALWAYS_EMBED_SWIFT_STANDARD_LIBRARIES = YES;
				BUNDLE_LOADER = "$(TEST_HOST)";
				CODE_SIGN_STYLE = Automatic;
				CURRENT_PROJECT_VERSION = 1;
				GENERATE_INFOPLIST_FILE = YES;
				IPHONEOS_DEPLOYMENT_TARGET = 15.2;
				MARKETING_VERSION = 1.0;
				PRODUCT_BUNDLE_IDENTIFIER = "nwmsu.Chava-BookCheckoutAppTests";
				PRODUCT_NAME = "$(TARGET_NAME)";
				SWIFT_EMIT_LOC_STRINGS = NO;
				SWIFT_VERSION = 5.0;
				TARGETED_DEVICE_FAMILY = "1,2";
				TEST_HOST = "$(BUILT_PRODUCTS_DIR)/Chava_BookCheckoutApp.app/Chava_BookCheckoutApp";
			};
			name = Release;
		};
		3F3A4BEC27FF6CA4001EDF93 /* Debug */ = {
			isa = XCBuildConfiguration;
			buildSettings = {
				ALWAYS_EMBED_SWIFT_STANDARD_LIBRARIES = YES;
				CODE_SIGN_STYLE = Automatic;
				CURRENT_PROJECT_VERSION = 1;
				GENERATE_INFOPLIST_FILE = YES;
				MARKETING_VERSION = 1.0;
				PRODUCT_BUNDLE_IDENTIFIER = "nwmsu.Chava-BookCheckoutAppUITests";
				PRODUCT_NAME = "$(TARGET_NAME)";
				SWIFT_EMIT_LOC_STRINGS = NO;
				SWIFT_VERSION = 5.0;
				TARGETED_DEVICE_FAMILY = "1,2";
				TEST_TARGET_NAME = Chava_BookCheckoutApp;
			};
			name = Debug;
		};
		3F3A4BED27FF6CA4001EDF93 /* Release */ = {
			isa = XCBuildConfiguration;
			buildSettings = {
				ALWAYS_EMBED_SWIFT_STANDARD_LIBRARIES = YES;
				CODE_SIGN_STYLE = Automatic;
				CURRENT_PROJECT_VERSION = 1;
				GENERATE_INFOPLIST_FILE = YES;
				MARKETING_VERSION = 1.0;
				PRODUCT_BUNDLE_IDENTIFIER = "nwmsu.Chava-BookCheckoutAppUITests";
				PRODUCT_NAME = "$(TARGET_NAME)";
				SWIFT_EMIT_LOC_STRINGS = NO;
				SWIFT_VERSION = 5.0;
				TARGETED_DEVICE_FAMILY = "1,2";
				TEST_TARGET_NAME = Chava_BookCheckoutApp;
			};
			name = Release;
		};
/* End XCBuildConfiguration section */

/* Begin XCConfigurationList section */
		3F3A4BB627FF6CA1001EDF93 /* Build configuration list for PBXProject "Chava_BookCheckoutApp" */ = {
			isa = XCConfigurationList;
			buildConfigurations = (
				3F3A4BE327FF6CA4001EDF93 /* Debug */,
				3F3A4BE427FF6CA4001EDF93 /* Release */,
			);
			defaultConfigurationIsVisible = 0;
			defaultConfigurationName = Release;
		};
		3F3A4BE527FF6CA4001EDF93 /* Build configuration list for PBXNativeTarget "Chava_BookCheckoutApp" */ = {
			isa = XCConfigurationList;
			buildConfigurations = (
				3F3A4BE627FF6CA4001EDF93 /* Debug */,
				3F3A4BE727FF6CA4001EDF93 /* Release */,
			);
			defaultConfigurationIsVisible = 0;
			defaultConfigurationName = Release;
		};
		3F3A4BE827FF6CA4001EDF93 /* Build configuration list for PBXNativeTarget "Chava_BookCheckoutAppTests" */ = {
			isa = XCConfigurationList;
			buildConfigurations = (
				3F3A4BE927FF6CA4001EDF93 /* Debug */,
				3F3A4BEA27FF6CA4001EDF93 /* Release */,
			);
			defaultConfigurationIsVisible = 0;
			defaultConfigurationName = Release;
		};
		3F3A4BEB27FF6CA4001EDF93 /* Build configuration list for PBXNativeTarget "Chava_BookCheckoutAppUITests" */ = {
			isa = XCConfigurationList;
			buildConfigurations = (
				3F3A4BEC27FF6CA4001EDF93 /* Debug */,
				3F3A4BED27FF6CA4001EDF93 /* Release */,
			);
			defaultConfigurationIsVisible = 0;
			defaultConfigurationName = Release;
		};
/* End XCConfigurationList section */
	};
	rootObject = 3F3A4BB327FF6CA1001EDF93 /* Project object */;
}
