// !$*UTF8*$!
{
	archiveVersion = 1;
	classes = {
	};
	objectVersion = 55;
	objects = {

/* Begin PBXBuildFile section */
		1B2E1C232818793200A5AE57 /* AppDelegate.swift in Sources */ = {isa = PBXBuildFile; fileRef = 1B2E1C222818793200A5AE57 /* AppDelegate.swift */; };
		1B2E1C252818793200A5AE57 /* SceneDelegate.swift in Sources */ = {isa = PBXBuildFile; fileRef = 1B2E1C242818793200A5AE57 /* SceneDelegate.swift */; };
		1B2E1C272818793200A5AE57 /* ElectronicViewController.swift in Sources */ = {isa = PBXBuildFile; fileRef = 1B2E1C262818793200A5AE57 /* ElectronicViewController.swift */; };
		1B2E1C2A2818793200A5AE57 /* Main.storyboard in Resources */ = {isa = PBXBuildFile; fileRef = 1B2E1C282818793200A5AE57 /* Main.storyboard */; };
		1B2E1C2C2818793400A5AE57 /* Assets.xcassets in Resources */ = {isa = PBXBuildFile; fileRef = 1B2E1C2B2818793400A5AE57 /* Assets.xcassets */; };
		1B2E1C2F2818793400A5AE57 /* LaunchScreen.storyboard in Resources */ = {isa = PBXBuildFile; fileRef = 1B2E1C2D2818793400A5AE57 /* LaunchScreen.storyboard */; };
		1B2E1C3A2818793400A5AE57 /* Chava_ElectronicStoreTests.swift in Sources */ = {isa = PBXBuildFile; fileRef = 1B2E1C392818793400A5AE57 /* Chava_ElectronicStoreTests.swift */; };
		1B2E1C442818793400A5AE57 /* Chava_ElectronicStoreUITests.swift in Sources */ = {isa = PBXBuildFile; fileRef = 1B2E1C432818793400A5AE57 /* Chava_ElectronicStoreUITests.swift */; };
		1B2E1C462818793400A5AE57 /* Chava_ElectronicStoreUITestsLaunchTests.swift in Sources */ = {isa = PBXBuildFile; fileRef = 1B2E1C452818793400A5AE57 /* Chava_ElectronicStoreUITestsLaunchTests.swift */; };
		1B2E1C5328187B8D00A5AE57 /* DetailViewController.swift in Sources */ = {isa = PBXBuildFile; fileRef = 1B2E1C5228187B8D00A5AE57 /* DetailViewController.swift */; };
		1B2E1C5528187BA300A5AE57 /* CreateProductViewController.swift in Sources */ = {isa = PBXBuildFile; fileRef = 1B2E1C5428187BA300A5AE57 /* CreateProductViewController.swift */; };
		1B2E1C5728187FE700A5AE57 /* Electronic.swift in Sources */ = {isa = PBXBuildFile; fileRef = 1B2E1C5628187FE700A5AE57 /* Electronic.swift */; };
/* End PBXBuildFile section */

/* Begin PBXContainerItemProxy section */
		1B2E1C362818793400A5AE57 /* PBXContainerItemProxy */ = {
			isa = PBXContainerItemProxy;
			containerPortal = 1B2E1C172818793200A5AE57 /* Project object */;
			proxyType = 1;
			remoteGlobalIDString = 1B2E1C1E2818793200A5AE57;
			remoteInfo = Chava_ElectronicStore;
		};
		1B2E1C402818793400A5AE57 /* PBXContainerItemProxy */ = {
			isa = PBXContainerItemProxy;
			containerPortal = 1B2E1C172818793200A5AE57 /* Project object */;
			proxyType = 1;
			remoteGlobalIDString = 1B2E1C1E2818793200A5AE57;
			remoteInfo = Chava_ElectronicStore;
		};
/* End PBXContainerItemProxy section */

/* Begin PBXFileReference section */
		1B2E1C1F2818793200A5AE57 /* Chava_ElectronicStore.app */ = {isa = PBXFileReference; explicitFileType = wrapper.application; includeInIndex = 0; path = Chava_ElectronicStore.app; sourceTree = BUILT_PRODUCTS_DIR; };
		1B2E1C222818793200A5AE57 /* AppDelegate.swift */ = {isa = PBXFileReference; lastKnownFileType = sourcecode.swift; path = AppDelegate.swift; sourceTree = "<group>"; };
		1B2E1C242818793200A5AE57 /* SceneDelegate.swift */ = {isa = PBXFileReference; lastKnownFileType = sourcecode.swift; path = SceneDelegate.swift; sourceTree = "<group>"; };
		1B2E1C262818793200A5AE57 /* ElectronicViewController.swift */ = {isa = PBXFileReference; lastKnownFileType = sourcecode.swift; path = ElectronicViewController.swift; sourceTree = "<group>"; };
		1B2E1C292818793200A5AE57 /* Base */ = {isa = PBXFileReference; lastKnownFileType = file.storyboard; name = Base; path = Base.lproj/Main.storyboard; sourceTree = "<group>"; };
		1B2E1C2B2818793400A5AE57 /* Assets.xcassets */ = {isa = PBXFileReference; lastKnownFileType = folder.assetcatalog; path = Assets.xcassets; sourceTree = "<group>"; };
		1B2E1C2E2818793400A5AE57 /* Base */ = {isa = PBXFileReference; lastKnownFileType = file.storyboard; name = Base; path = Base.lproj/LaunchScreen.storyboard; sourceTree = "<group>"; };
		1B2E1C302818793400A5AE57 /* Info.plist */ = {isa = PBXFileReference; lastKnownFileType = text.plist.xml; path = Info.plist; sourceTree = "<group>"; };
		1B2E1C352818793400A5AE57 /* Chava_ElectronicStoreTests.xctest */ = {isa = PBXFileReference; explicitFileType = wrapper.cfbundle; includeInIndex = 0; path = Chava_ElectronicStoreTests.xctest; sourceTree = BUILT_PRODUCTS_DIR; };
		1B2E1C392818793400A5AE57 /* Chava_ElectronicStoreTests.swift */ = {isa = PBXFileReference; lastKnownFileType = sourcecode.swift; path = Chava_ElectronicStoreTests.swift; sourceTree = "<group>"; };
		1B2E1C3F2818793400A5AE57 /* Chava_ElectronicStoreUITests.xctest */ = {isa = PBXFileReference; explicitFileType = wrapper.cfbundle; includeInIndex = 0; path = Chava_ElectronicStoreUITests.xctest; sourceTree = BUILT_PRODUCTS_DIR; };
		1B2E1C432818793400A5AE57 /* Chava_ElectronicStoreUITests.swift */ = {isa = PBXFileReference; lastKnownFileType = sourcecode.swift; path = Chava_ElectronicStoreUITests.swift; sourceTree = "<group>"; };
		1B2E1C452818793400A5AE57 /* Chava_ElectronicStoreUITestsLaunchTests.swift */ = {isa = PBXFileReference; lastKnownFileType = sourcecode.swift; path = Chava_ElectronicStoreUITestsLaunchTests.swift; sourceTree = "<group>"; };
		1B2E1C5228187B8D00A5AE57 /* DetailViewController.swift */ = {isa = PBXFileReference; lastKnownFileType = sourcecode.swift; path = DetailViewController.swift; sourceTree = "<group>"; };
		1B2E1C5428187BA300A5AE57 /* CreateProductViewController.swift */ = {isa = PBXFileReference; lastKnownFileType = sourcecode.swift; path = CreateProductViewController.swift; sourceTree = "<group>"; };
		1B2E1C5628187FE700A5AE57 /* Electronic.swift */ = {isa = PBXFileReference; lastKnownFileType = sourcecode.swift; path = Electronic.swift; sourceTree = "<group>"; };
/* End PBXFileReference section */

/* Begin PBXFrameworksBuildPhase section */
		1B2E1C1C2818793200A5AE57 /* Frameworks */ = {
			isa = PBXFrameworksBuildPhase;
			buildActionMask = 2147483647;
			files = (
			);
			runOnlyForDeploymentPostprocessing = 0;
		};
		1B2E1C322818793400A5AE57 /* Frameworks */ = {
			isa = PBXFrameworksBuildPhase;
			buildActionMask = 2147483647;
			files = (
			);
			runOnlyForDeploymentPostprocessing = 0;
		};
		1B2E1C3C2818793400A5AE57 /* Frameworks */ = {
			isa = PBXFrameworksBuildPhase;
			buildActionMask = 2147483647;
			files = (
			);
			runOnlyForDeploymentPostprocessing = 0;
		};
/* End PBXFrameworksBuildPhase section */

/* Begin PBXGroup section */
		1B2E1C162818793200A5AE57 = {
			isa = PBXGroup;
			children = (
				1B2E1C212818793200A5AE57 /* Chava_ElectronicStore */,
				1B2E1C382818793400A5AE57 /* Chava_ElectronicStoreTests */,
				1B2E1C422818793400A5AE57 /* Chava_ElectronicStoreUITests */,
				1B2E1C202818793200A5AE57 /* Products */,
			);
			sourceTree = "<group>";
		};
		1B2E1C202818793200A5AE57 /* Products */ = {
			isa = PBXGroup;
			children = (
				1B2E1C1F2818793200A5AE57 /* Chava_ElectronicStore.app */,
				1B2E1C352818793400A5AE57 /* Chava_ElectronicStoreTests.xctest */,
				1B2E1C3F2818793400A5AE57 /* Chava_ElectronicStoreUITests.xctest */,
			);
			name = Products;
			sourceTree = "<group>";
		};
		1B2E1C212818793200A5AE57 /* Chava_ElectronicStore */ = {
			isa = PBXGroup;
			children = (
				1B2E1C222818793200A5AE57 /* AppDelegate.swift */,
				1B2E1C242818793200A5AE57 /* SceneDelegate.swift */,
				1B2E1C262818793200A5AE57 /* ElectronicViewController.swift */,
				1B2E1C282818793200A5AE57 /* Main.storyboard */,
				1B2E1C2B2818793400A5AE57 /* Assets.xcassets */,
				1B2E1C2D2818793400A5AE57 /* LaunchScreen.storyboard */,
				1B2E1C302818793400A5AE57 /* Info.plist */,
				1B2E1C5228187B8D00A5AE57 /* DetailViewController.swift */,
				1B2E1C5428187BA300A5AE57 /* CreateProductViewController.swift */,
				1B2E1C5628187FE700A5AE57 /* Electronic.swift */,
			);
			path = Chava_ElectronicStore;
			sourceTree = "<group>";
		};
		1B2E1C382818793400A5AE57 /* Chava_ElectronicStoreTests */ = {
			isa = PBXGroup;
			children = (
				1B2E1C392818793400A5AE57 /* Chava_ElectronicStoreTests.swift */,
			);
			path = Chava_ElectronicStoreTests;
			sourceTree = "<group>";
		};
		1B2E1C422818793400A5AE57 /* Chava_ElectronicStoreUITests */ = {
			isa = PBXGroup;
			children = (
				1B2E1C432818793400A5AE57 /* Chava_ElectronicStoreUITests.swift */,
				1B2E1C452818793400A5AE57 /* Chava_ElectronicStoreUITestsLaunchTests.swift */,
			);
			path = Chava_ElectronicStoreUITests;
			sourceTree = "<group>";
		};
/* End PBXGroup section */

/* Begin PBXNativeTarget section */
		1B2E1C1E2818793200A5AE57 /* Chava_ElectronicStore */ = {
			isa = PBXNativeTarget;
			buildConfigurationList = 1B2E1C492818793400A5AE57 /* Build configuration list for PBXNativeTarget "Chava_ElectronicStore" */;
			buildPhases = (
				1B2E1C1B2818793200A5AE57 /* Sources */,
				1B2E1C1C2818793200A5AE57 /* Frameworks */,
				1B2E1C1D2818793200A5AE57 /* Resources */,
			);
			buildRules = (
			);
			dependencies = (
			);
			name = Chava_ElectronicStore;
			productName = Chava_ElectronicStore;
			productReference = 1B2E1C1F2818793200A5AE57 /* Chava_ElectronicStore.app */;
			productType = "com.apple.product-type.application";
		};
		1B2E1C342818793400A5AE57 /* Chava_ElectronicStoreTests */ = {
			isa = PBXNativeTarget;
			buildConfigurationList = 1B2E1C4C2818793400A5AE57 /* Build configuration list for PBXNativeTarget "Chava_ElectronicStoreTests" */;
			buildPhases = (
				1B2E1C312818793400A5AE57 /* Sources */,
				1B2E1C322818793400A5AE57 /* Frameworks */,
				1B2E1C332818793400A5AE57 /* Resources */,
			);
			buildRules = (
			);
			dependencies = (
				1B2E1C372818793400A5AE57 /* PBXTargetDependency */,
			);
			name = Chava_ElectronicStoreTests;
			productName = Chava_ElectronicStoreTests;
			productReference = 1B2E1C352818793400A5AE57 /* Chava_ElectronicStoreTests.xctest */;
			productType = "com.apple.product-type.bundle.unit-test";
		};
		1B2E1C3E2818793400A5AE57 /* Chava_ElectronicStoreUITests */ = {
			isa = PBXNativeTarget;
			buildConfigurationList = 1B2E1C4F2818793400A5AE57 /* Build configuration list for PBXNativeTarget "Chava_ElectronicStoreUITests" */;
			buildPhases = (
				1B2E1C3B2818793400A5AE57 /* Sources */,
				1B2E1C3C2818793400A5AE57 /* Frameworks */,
				1B2E1C3D2818793400A5AE57 /* Resources */,
			);
			buildRules = (
			);
			dependencies = (
				1B2E1C412818793400A5AE57 /* PBXTargetDependency */,
			);
			name = Chava_ElectronicStoreUITests;
			productName = Chava_ElectronicStoreUITests;
			productReference = 1B2E1C3F2818793400A5AE57 /* Chava_ElectronicStoreUITests.xctest */;
			productType = "com.apple.product-type.bundle.ui-testing";
		};
/* End PBXNativeTarget section */

/* Begin PBXProject section */
		1B2E1C172818793200A5AE57 /* Project object */ = {
			isa = PBXProject;
			attributes = {
				BuildIndependentTargetsInParallel = 1;
				LastSwiftUpdateCheck = 1320;
				LastUpgradeCheck = 1320;
				TargetAttributes = {
					1B2E1C1E2818793200A5AE57 = {
						CreatedOnToolsVersion = 13.2.1;
					};
					1B2E1C342818793400A5AE57 = {
						CreatedOnToolsVersion = 13.2.1;
						TestTargetID = 1B2E1C1E2818793200A5AE57;
					};
					1B2E1C3E2818793400A5AE57 = {
						CreatedOnToolsVersion = 13.2.1;
						TestTargetID = 1B2E1C1E2818793200A5AE57;
					};
				};
			};
			buildConfigurationList = 1B2E1C1A2818793200A5AE57 /* Build configuration list for PBXProject "Chava_ElectronicStore" */;
			compatibilityVersion = "Xcode 13.0";
			developmentRegion = en;
			hasScannedForEncodings = 0;
			knownRegions = (
				en,
				Base,
			);
			mainGroup = 1B2E1C162818793200A5AE57;
			productRefGroup = 1B2E1C202818793200A5AE57 /* Products */;
			projectDirPath = "";
			projectRoot = "";
			targets = (
				1B2E1C1E2818793200A5AE57 /* Chava_ElectronicStore */,
				1B2E1C342818793400A5AE57 /* Chava_ElectronicStoreTests */,
				1B2E1C3E2818793400A5AE57 /* Chava_ElectronicStoreUITests */,
			);
		};
/* End PBXProject section */

/* Begin PBXResourcesBuildPhase section */
		1B2E1C1D2818793200A5AE57 /* Resources */ = {
			isa = PBXResourcesBuildPhase;
			buildActionMask = 2147483647;
			files = (
				1B2E1C2F2818793400A5AE57 /* LaunchScreen.storyboard in Resources */,
				1B2E1C2C2818793400A5AE57 /* Assets.xcassets in Resources */,
				1B2E1C2A2818793200A5AE57 /* Main.storyboard in Resources */,
			);
			runOnlyForDeploymentPostprocessing = 0;
		};
		1B2E1C332818793400A5AE57 /* Resources */ = {
			isa = PBXResourcesBuildPhase;
			buildActionMask = 2147483647;
			files = (
			);
			runOnlyForDeploymentPostprocessing = 0;
		};
		1B2E1C3D2818793400A5AE57 /* Resources */ = {
			isa = PBXResourcesBuildPhase;
			buildActionMask = 2147483647;
			files = (
			);
			runOnlyForDeploymentPostprocessing = 0;
		};
/* End PBXResourcesBuildPhase section */

/* Begin PBXSourcesBuildPhase section */
		1B2E1C1B2818793200A5AE57 /* Sources */ = {
			isa = PBXSourcesBuildPhase;
			buildActionMask = 2147483647;
			files = (
				1B2E1C272818793200A5AE57 /* ElectronicViewController.swift in Sources */,
				1B2E1C232818793200A5AE57 /* AppDelegate.swift in Sources */,
				1B2E1C252818793200A5AE57 /* SceneDelegate.swift in Sources */,
				1B2E1C5728187FE700A5AE57 /* Electronic.swift in Sources */,
				1B2E1C5528187BA300A5AE57 /* CreateProductViewController.swift in Sources */,
				1B2E1C5328187B8D00A5AE57 /* DetailViewController.swift in Sources */,
			);
			runOnlyForDeploymentPostprocessing = 0;
		};
		1B2E1C312818793400A5AE57 /* Sources */ = {
			isa = PBXSourcesBuildPhase;
			buildActionMask = 2147483647;
			files = (
				1B2E1C3A2818793400A5AE57 /* Chava_ElectronicStoreTests.swift in Sources */,
			);
			runOnlyForDeploymentPostprocessing = 0;
		};
		1B2E1C3B2818793400A5AE57 /* Sources */ = {
			isa = PBXSourcesBuildPhase;
			buildActionMask = 2147483647;
			files = (
				1B2E1C462818793400A5AE57 /* Chava_ElectronicStoreUITestsLaunchTests.swift in Sources */,
				1B2E1C442818793400A5AE57 /* Chava_ElectronicStoreUITests.swift in Sources */,
			);
			runOnlyForDeploymentPostprocessing = 0;
		};
/* End PBXSourcesBuildPhase section */

/* Begin PBXTargetDependency section */
		1B2E1C372818793400A5AE57 /* PBXTargetDependency */ = {
			isa = PBXTargetDependency;
			target = 1B2E1C1E2818793200A5AE57 /* Chava_ElectronicStore */;
			targetProxy = 1B2E1C362818793400A5AE57 /* PBXContainerItemProxy */;
		};
		1B2E1C412818793400A5AE57 /* PBXTargetDependency */ = {
			isa = PBXTargetDependency;
			target = 1B2E1C1E2818793200A5AE57 /* Chava_ElectronicStore */;
			targetProxy = 1B2E1C402818793400A5AE57 /* PBXContainerItemProxy */;
		};
/* End PBXTargetDependency section */

/* Begin PBXVariantGroup section */
		1B2E1C282818793200A5AE57 /* Main.storyboard */ = {
			isa = PBXVariantGroup;
			children = (
				1B2E1C292818793200A5AE57 /* Base */,
			);
			name = Main.storyboard;
			sourceTree = "<group>";
		};
		1B2E1C2D2818793400A5AE57 /* LaunchScreen.storyboard */ = {
			isa = PBXVariantGroup;
			children = (
				1B2E1C2E2818793400A5AE57 /* Base */,
			);
			name = LaunchScreen.storyboard;
			sourceTree = "<group>";
		};
/* End PBXVariantGroup section */

/* Begin XCBuildConfiguration section */
		1B2E1C472818793400A5AE57 /* Debug */ = {
			isa = XCBuildConfiguration;
			buildSettings = {
				ALWAYS_SEARCH_USER_PATHS = NO;
				CLANG_ANALYZER_NONNULL = YES;
				CLANG_ANALYZER_NUMBER_OBJECT_CONVERSION = YES_AGGRESSIVE;
				CLANG_CXX_LANGUAGE_STANDARD = "gnu++17";
				CLANG_CXX_LIBRARY = "libc++";
				CLANG_ENABLE_MODULES = YES;
				CLANG_ENABLE_OBJC_ARC = YES;
				CLANG_ENABLE_OBJC_WEAK = YES;
				CLANG_WARN_BLOCK_CAPTURE_AUTORELEASING = YES;
				CLANG_WARN_BOOL_CONVERSION = YES;
				CLANG_WARN_COMMA = YES;
				CLANG_WARN_CONSTANT_CONVERSION = YES;
				CLANG_WARN_DEPRECATED_OBJC_IMPLEMENTATIONS = YES;
				CLANG_WARN_DIRECT_OBJC_ISA_USAGE = YES_ERROR;
				CLANG_WARN_DOCUMENTATION_COMMENTS = YES;
				CLANG_WARN_EMPTY_BODY = YES;
				CLANG_WARN_ENUM_CONVERSION = YES;
				CLANG_WARN_INFINITE_RECURSION = YES;
				CLANG_WARN_INT_CONVERSION = YES;
				CLANG_WARN_NON_LITERAL_NULL_CONVERSION = YES;
				CLANG_WARN_OBJC_IMPLICIT_RETAIN_SELF = YES;
				CLANG_WARN_OBJC_LITERAL_CONVERSION = YES;
				CLANG_WARN_OBJC_ROOT_CLASS = YES_ERROR;
				CLANG_WARN_QUOTED_INCLUDE_IN_FRAMEWORK_HEADER = YES;
				CLANG_WARN_RANGE_LOOP_ANALYSIS = YES;
				CLANG_WARN_STRICT_PROTOTYPES = YES;
				CLANG_WARN_SUSPICIOUS_MOVE = YES;
				CLANG_WARN_UNGUARDED_AVAILABILITY = YES_AGGRESSIVE;
				CLANG_WARN_UNREACHABLE_CODE = YES;
				CLANG_WARN__DUPLICATE_METHOD_MATCH = YES;
				COPY_PHASE_STRIP = NO;
				DEBUG_INFORMATION_FORMAT = dwarf;
				ENABLE_STRICT_OBJC_MSGSEND = YES;
				ENABLE_TESTABILITY = YES;
				GCC_C_LANGUAGE_STANDARD = gnu11;
				GCC_DYNAMIC_NO_PIC = NO;
				GCC_NO_COMMON_BLOCKS = YES;
				GCC_OPTIMIZATION_LEVEL = 0;
				GCC_PREPROCESSOR_DEFINITIONS = (
					"DEBUG=1",
					"$(inherited)",
				);
				GCC_WARN_64_TO_32_BIT_CONVERSION = YES;
				GCC_WARN_ABOUT_RETURN_TYPE = YES_ERROR;
				GCC_WARN_UNDECLARED_SELECTOR = YES;
				GCC_WARN_UNINITIALIZED_AUTOS = YES_AGGRESSIVE;
				GCC_WARN_UNUSED_FUNCTION = YES;
				GCC_WARN_UNUSED_VARIABLE = YES;
				IPHONEOS_DEPLOYMENT_TARGET = 15.2;
				MTL_ENABLE_DEBUG_INFO = INCLUDE_SOURCE;
				MTL_FAST_MATH = YES;
				ONLY_ACTIVE_ARCH = YES;
				SDKROOT = iphoneos;
				SWIFT_ACTIVE_COMPILATION_CONDITIONS = DEBUG;
				SWIFT_OPTIMIZATION_LEVEL = "-Onone";
			};
			name = Debug;
		};
		1B2E1C482818793400A5AE57 /* Release */ = {
			isa = XCBuildConfiguration;
			buildSettings = {
				ALWAYS_SEARCH_USER_PATHS = NO;
				CLANG_ANALYZER_NONNULL = YES;
				CLANG_ANALYZER_NUMBER_OBJECT_CONVERSION = YES_AGGRESSIVE;
				CLANG_CXX_LANGUAGE_STANDARD = "gnu++17";
				CLANG_CXX_LIBRARY = "libc++";
				CLANG_ENABLE_MODULES = YES;
				CLANG_ENABLE_OBJC_ARC = YES;
				CLANG_ENABLE_OBJC_WEAK = YES;
				CLANG_WARN_BLOCK_CAPTURE_AUTORELEASING = YES;
				CLANG_WARN_BOOL_CONVERSION = YES;
				CLANG_WARN_COMMA = YES;
				CLANG_WARN_CONSTANT_CONVERSION = YES;
				CLANG_WARN_DEPRECATED_OBJC_IMPLEMENTATIONS = YES;
				CLANG_WARN_DIRECT_OBJC_ISA_USAGE = YES_ERROR;
				CLANG_WARN_DOCUMENTATION_COMMENTS = YES;
				CLANG_WARN_EMPTY_BODY = YES;
				CLANG_WARN_ENUM_CONVERSION = YES;
				CLANG_WARN_INFINITE_RECURSION = YES;
				CLANG_WARN_INT_CONVERSION = YES;
				CLANG_WARN_NON_LITERAL_NULL_CONVERSION = YES;
				CLANG_WARN_OBJC_IMPLICIT_RETAIN_SELF = YES;
				CLANG_WARN_OBJC_LITERAL_CONVERSION = YES;
				CLANG_WARN_OBJC_ROOT_CLASS = YES_ERROR;
				CLANG_WARN_QUOTED_INCLUDE_IN_FRAMEWORK_HEADER = YES;
				CLANG_WARN_RANGE_LOOP_ANALYSIS = YES;
				CLANG_WARN_STRICT_PROTOTYPES = YES;
				CLANG_WARN_SUSPICIOUS_MOVE = YES;
				CLANG_WARN_UNGUARDED_AVAILABILITY = YES_AGGRESSIVE;
				CLANG_WARN_UNREACHABLE_CODE = YES;
				CLANG_WARN__DUPLICATE_METHOD_MATCH = YES;
				COPY_PHASE_STRIP = NO;
				DEBUG_INFORMATION_FORMAT = "dwarf-with-dsym";
				ENABLE_NS_ASSERTIONS = NO;
				ENABLE_STRICT_OBJC_MSGSEND = YES;
				GCC_C_LANGUAGE_STANDARD = gnu11;
				GCC_NO_COMMON_BLOCKS = YES;
				GCC_WARN_64_TO_32_BIT_CONVERSION = YES;
				GCC_WARN_ABOUT_RETURN_TYPE = YES_ERROR;
				GCC_WARN_UNDECLARED_SELECTOR = YES;
				GCC_WARN_UNINITIALIZED_AUTOS = YES_AGGRESSIVE;
				GCC_WARN_UNUSED_FUNCTION = YES;
				GCC_WARN_UNUSED_VARIABLE = YES;
				IPHONEOS_DEPLOYMENT_TARGET = 15.2;
				MTL_ENABLE_DEBUG_INFO = NO;
				MTL_FAST_MATH = YES;
				SDKROOT = iphoneos;
				SWIFT_COMPILATION_MODE = wholemodule;
				SWIFT_OPTIMIZATION_LEVEL = "-O";
				VALIDATE_PRODUCT = YES;
			};
			name = Release;
		};
		1B2E1C4A2818793400A5AE57 /* Debug */ = {
			isa = XCBuildConfiguration;
			buildSettings = {
				ASSETCATALOG_COMPILER_APPICON_NAME = AppIcon;
				ASSETCATALOG_COMPILER_GLOBAL_ACCENT_COLOR_NAME = AccentColor;
				CODE_SIGN_STYLE = Automatic;
				CURRENT_PROJECT_VERSION = 1;
				GENERATE_INFOPLIST_FILE = YES;
				INFOPLIST_FILE = Chava_ElectronicStore/Info.plist;
				INFOPLIST_KEY_CFBundleDisplayName = Chava_ElectronicStore;
				INFOPLIST_KEY_UIApplicationSupportsIndirectInputEvents = YES;
				INFOPLIST_KEY_UILaunchStoryboardName = LaunchScreen;
				INFOPLIST_KEY_UIMainStoryboardFile = Main;
				INFOPLIST_KEY_UISupportedInterfaceOrientations_iPad = "UIInterfaceOrientationPortrait UIInterfaceOrientationPortraitUpsideDown UIInterfaceOrientationLandscapeLeft UIInterfaceOrientationLandscapeRight";
				INFOPLIST_KEY_UISupportedInterfaceOrientations_iPhone = "UIInterfaceOrientationPortrait UIInterfaceOrientationLandscapeLeft UIInterfaceOrientationLandscapeRight";
				LD_RUNPATH_SEARCH_PATHS = (
					"$(inherited)",
					"@executable_path/Frameworks",
				);
				MARKETING_VERSION = 1.0;
				PRODUCT_BUNDLE_IDENTIFIER = "NWMSU.Chava-ElectronicStore";
				PRODUCT_NAME = "$(TARGET_NAME)";
				SWIFT_EMIT_LOC_STRINGS = YES;
				SWIFT_VERSION = 5.0;
				TARGETED_DEVICE_FAMILY = "1,2";
			};
			name = Debug;
		};
		1B2E1C4B2818793400A5AE57 /* Release */ = {
			isa = XCBuildConfiguration;
			buildSettings = {
				ASSETCATALOG_COMPILER_APPICON_NAME = AppIcon;
				ASSETCATALOG_COMPILER_GLOBAL_ACCENT_COLOR_NAME = AccentColor;
				CODE_SIGN_STYLE = Automatic;
				CURRENT_PROJECT_VERSION = 1;
				GENERATE_INFOPLIST_FILE = YES;
				INFOPLIST_FILE = Chava_ElectronicStore/Info.plist;
				INFOPLIST_KEY_CFBundleDisplayName = Chava_ElectronicStore;
				INFOPLIST_KEY_UIApplicationSupportsIndirectInputEvents = YES;
				INFOPLIST_KEY_UILaunchStoryboardName = LaunchScreen;
				INFOPLIST_KEY_UIMainStoryboardFile = Main;
				INFOPLIST_KEY_UISupportedInterfaceOrientations_iPad = "UIInterfaceOrientationPortrait UIInterfaceOrientationPortraitUpsideDown UIInterfaceOrientationLandscapeLeft UIInterfaceOrientationLandscapeRight";
				INFOPLIST_KEY_UISupportedInterfaceOrientations_iPhone = "UIInterfaceOrientationPortrait UIInterfaceOrientationLandscapeLeft UIInterfaceOrientationLandscapeRight";
				LD_RUNPATH_SEARCH_PATHS = (
					"$(inherited)",
					"@executable_path/Frameworks",
				);
				MARKETING_VERSION = 1.0;
				PRODUCT_BUNDLE_IDENTIFIER = "NWMSU.Chava-ElectronicStore";
				PRODUCT_NAME = "$(TARGET_NAME)";
				SWIFT_EMIT_LOC_STRINGS = YES;
				SWIFT_VERSION = 5.0;
				TARGETED_DEVICE_FAMILY = "1,2";
			};
			name = Release;
		};
		1B2E1C4D2818793400A5AE57 /* Debug */ = {
			isa = XCBuildConfiguration;
			buildSettings = {
				ALWAYS_EMBED_SWIFT_STANDARD_LIBRARIES = YES;
				BUNDLE_LOADER = "$(TEST_HOST)";
				CODE_SIGN_STYLE = Automatic;
				CURRENT_PROJECT_VERSION = 1;
				GENERATE_INFOPLIST_FILE = YES;
				IPHONEOS_DEPLOYMENT_TARGET = 15.2;
				MARKETING_VERSION = 1.0;
				PRODUCT_BUNDLE_IDENTIFIER = "NWMSU.Chava-ElectronicStoreTests";
				PRODUCT_NAME = "$(TARGET_NAME)";
				SWIFT_EMIT_LOC_STRINGS = NO;
				SWIFT_VERSION = 5.0;
				TARGETED_DEVICE_FAMILY = "1,2";
				TEST_HOST = "$(BUILT_PRODUCTS_DIR)/Chava_ElectronicStore.app/Chava_ElectronicStore";
			};
			name = Debug;
		};
		1B2E1C4E2818793400A5AE57 /* Release */ = {
			isa = XCBuildConfiguration;
			buildSettings = {
				ALWAYS_EMBED_SWIFT_STANDARD_LIBRARIES = YES;
				BUNDLE_LOADER = "$(TEST_HOST)";
				CODE_SIGN_STYLE = Automatic;
				CURRENT_PROJECT_VERSION = 1;
				GENERATE_INFOPLIST_FILE = YES;
				IPHONEOS_DEPLOYMENT_TARGET = 15.2;
				MARKETING_VERSION = 1.0;
				PRODUCT_BUNDLE_IDENTIFIER = "NWMSU.Chava-ElectronicStoreTests";
				PRODUCT_NAME = "$(TARGET_NAME)";
				SWIFT_EMIT_LOC_STRINGS = NO;
				SWIFT_VERSION = 5.0;
				TARGETED_DEVICE_FAMILY = "1,2";
				TEST_HOST = "$(BUILT_PRODUCTS_DIR)/Chava_ElectronicStore.app/Chava_ElectronicStore";
			};
			name = Release;
		};
		1B2E1C502818793400A5AE57 /* Debug */ = {
			isa = XCBuildConfiguration;
			buildSettings = {
				ALWAYS_EMBED_SWIFT_STANDARD_LIBRARIES = YES;
				CODE_SIGN_STYLE = Automatic;
				CURRENT_PROJECT_VERSION = 1;
				GENERATE_INFOPLIST_FILE = YES;
				MARKETING_VERSION = 1.0;
				PRODUCT_BUNDLE_IDENTIFIER = "NWMSU.Chava-ElectronicStoreUITests";
				PRODUCT_NAME = "$(TARGET_NAME)";
				SWIFT_EMIT_LOC_STRINGS = NO;
				SWIFT_VERSION = 5.0;
				TARGETED_DEVICE_FAMILY = "1,2";
				TEST_TARGET_NAME = Chava_ElectronicStore;
			};
			name = Debug;
		};
		1B2E1C512818793400A5AE57 /* Release */ = {
			isa = XCBuildConfiguration;
			buildSettings = {
				ALWAYS_EMBED_SWIFT_STANDARD_LIBRARIES = YES;
				CODE_SIGN_STYLE = Automatic;
				CURRENT_PROJECT_VERSION = 1;
				GENERATE_INFOPLIST_FILE = YES;
				MARKETING_VERSION = 1.0;
				PRODUCT_BUNDLE_IDENTIFIER = "NWMSU.Chava-ElectronicStoreUITests";
				PRODUCT_NAME = "$(TARGET_NAME)";
				SWIFT_EMIT_LOC_STRINGS = NO;
				SWIFT_VERSION = 5.0;
				TARGETED_DEVICE_FAMILY = "1,2";
				TEST_TARGET_NAME = Chava_ElectronicStore;
			};
			name = Release;
		};
/* End XCBuildConfiguration section */

/* Begin XCConfigurationList section */
		1B2E1C1A2818793200A5AE57 /* Build configuration list for PBXProject "Chava_ElectronicStore" */ = {
			isa = XCConfigurationList;
			buildConfigurations = (
				1B2E1C472818793400A5AE57 /* Debug */,
				1B2E1C482818793400A5AE57 /* Release */,
			);
			defaultConfigurationIsVisible = 0;
			defaultConfigurationName = Release;
		};
		1B2E1C492818793400A5AE57 /* Build configuration list for PBXNativeTarget "Chava_ElectronicStore" */ = {
			isa = XCConfigurationList;
			buildConfigurations = (
				1B2E1C4A2818793400A5AE57 /* Debug */,
				1B2E1C4B2818793400A5AE57 /* Release */,
			);
			defaultConfigurationIsVisible = 0;
			defaultConfigurationName = Release;
		};
		1B2E1C4C2818793400A5AE57 /* Build configuration list for PBXNativeTarget "Chava_ElectronicStoreTests" */ = {
			isa = XCConfigurationList;
			buildConfigurations = (
				1B2E1C4D2818793400A5AE57 /* Debug */,
				1B2E1C4E2818793400A5AE57 /* Release */,
			);
			defaultConfigurationIsVisible = 0;
			defaultConfigurationName = Release;
		};
		1B2E1C4F2818793400A5AE57 /* Build configuration list for PBXNativeTarget "Chava_ElectronicStoreUITests" */ = {
			isa = XCConfigurationList;
			buildConfigurations = (
				1B2E1C502818793400A5AE57 /* Debug */,
				1B2E1C512818793400A5AE57 /* Release */,
			);
			defaultConfigurationIsVisible = 0;
			defaultConfigurationName = Release;
		};
/* End XCConfigurationList section */
	};
	rootObject = 1B2E1C172818793200A5AE57 /* Project object */;
}
